PODS:
  - DropDown (1.0.1)
  - FMDB (2.6.2):
    - FMDB/standard (= 2.6.2)
  - FMDB/standard (2.6.2)
  - IQKeyboardManagerSwift (4.0.4)
  - RNCryptor (4.0.0)
  - SSSnackbar (0.1.2)
  - youtube-ios-player-helper (0.1.4)

DEPENDENCIES:
  - DropDown
  - FMDB
  - IQKeyboardManagerSwift
  - RNCryptor (~> 4.0.0-beta)
  - SSSnackbar
  - youtube-ios-player-helper (= 0.1.4)

SPEC CHECKSUMS:
  DropDown: 335df9e9547e97a861a60aed8448821e239d3513
  FMDB: 854a0341b4726e53276f2a8996f06f1b80f9259a
  IQKeyboardManagerSwift: e0964d04d6a29b71016fd346dca13ecb80a2823a
  RNCryptor: 59d6483908115af5c12b884db23392024e52a5fe
  SSSnackbar: 6a16cf8ab848d99a03ba21a7dab94d4478beabed
  youtube-ios-player-helper: 84b1485ebb4b7c6b619c6e05edcb55186723a7c6

PODFILE CHECKSUM: 992f8f1c43a71521ebe20342d3937fb6d5655e5a

COCOAPODS: 1.0.1
