PODS:
  - DropDown (2)
  - FMDB (2.6.2):
    - FMDB/standard (= 2.6.2)
  - FMDB/standard (2.6.2)
  - IQKeyboardManagerSwift (4.0.6)
  - RNCryptor (5.0.1)
  - SSSnackbar (0.1.2)
  - youtube-ios-player-helper (0.1.4)

DEPENDENCIES:
  - DropDown
  - FMDB
  - IQKeyboardManagerSwift
  - RNCryptor
  - SSSnackbar
  - youtube-ios-player-helper (= 0.1.4)

SPEC CHECKSUMS:
  DropDown: 744784d9c9aa505100e942c16acd05430cbb2f0a
  FMDB: 854a0341b4726e53276f2a8996f06f1b80f9259a
  IQKeyboardManagerSwift: b3015e819559ca76381f87a0833f44d178564603
  RNCryptor: 2e352a488779d1a9184ab629be22a7c5bc84acb5
  SSSnackbar: 6a16cf8ab848d99a03ba21a7dab94d4478beabed
  youtube-ios-player-helper: 84b1485ebb4b7c6b619c6e05edcb55186723a7c6

PODFILE CHECKSUM: 6e62a3c0a975ab6a2603ae0be32c28a6c641d040

COCOAPODS: 1.1.0.rc.2
