// !$*UTF8*$!
{
	archiveVersion = 1;
	classes = {
	};
	objectVersion = 46;
	objects = {

/* Begin PBXBuildFile section */
		BD03C7B31C76082B00D8911A /* Set.xib in Resources */ = {isa = PBXBuildFile; fileRef = BD03C7B21C76082B00D8911A /* Set.xib */; };
		BD03C7B51C760A4E00D8911A /* SetCellController.swift in Sources */ = {isa = PBXBuildFile; fileRef = BD03C7B41C760A4E00D8911A /* SetCellController.swift */; };
		BD03C7B71C760DE200D8911A /* Set.swift in Sources */ = {isa = PBXBuildFile; fileRef = BD03C7B61C760DE200D8911A /* Set.swift */; };
		BD03C7BB1C761B6000D8911A /* SetDelegate.swift in Sources */ = {isa = PBXBuildFile; fileRef = BD03C7BA1C761B6000D8911A /* SetDelegate.swift */; };
		BD10539B1C6CD071004C10C7 /* Key.swift in Sources */ = {isa = PBXBuildFile; fileRef = BD10539A1C6CD071004C10C7 /* Key.swift */; };
		BD36EC1F1C70EB5D00F993CE /* ExerciseCellController.swift in Sources */ = {isa = PBXBuildFile; fileRef = BD36EC1E1C70EB5D00F993CE /* ExerciseCellController.swift */; };
		BD36EC231C70F0A400F993CE /* Exercise.swift in Sources */ = {isa = PBXBuildFile; fileRef = BD36EC221C70F0A400F993CE /* Exercise.swift */; };
		BD36EC271C70FD6D00F993CE /* DirectionCellController.swift in Sources */ = {isa = PBXBuildFile; fileRef = BD36EC261C70FD6D00F993CE /* DirectionCellController.swift */; };
		BD36EC291C71048600F993CE /* ExerciseCard.xib in Resources */ = {isa = PBXBuildFile; fileRef = BD36EC281C71048600F993CE /* ExerciseCard.xib */; };
		BD36EC2D1C7170EB00F993CE /* IntencityCardView.swift in Sources */ = {isa = PBXBuildFile; fileRef = BD36EC2C1C7170EB00F993CE /* IntencityCardView.swift */; };
		BD36EC2F1C72068900F993CE /* ExerciseDelegate.swift in Sources */ = {isa = PBXBuildFile; fileRef = BD36EC2E1C72068900F993CE /* ExerciseDelegate.swift */; };
		BD36EC311C72080F00F993CE /* DirectionViewController.swift in Sources */ = {isa = PBXBuildFile; fileRef = BD36EC301C72080F00F993CE /* DirectionViewController.swift */; };
		BD36EC331C720C6B00F993CE /* Direction.xib in Resources */ = {isa = PBXBuildFile; fileRef = BD36EC321C720C6B00F993CE /* Direction.xib */; };
		BD37E3AC1C7E3906004A30F7 /* IntencityButtonRound.swift in Sources */ = {isa = PBXBuildFile; fileRef = BD37E3AB1C7E3906004A30F7 /* IntencityButtonRound.swift */; };
		BD37E3AE1C7F4273004A30F7 /* SavedExercise.swift in Sources */ = {isa = PBXBuildFile; fileRef = BD37E3AD1C7F4273004A30F7 /* SavedExercise.swift */; };
		BD43E11A1C8355E9002F14C6 /* UIView+RoundedCorners.swift in Sources */ = {isa = PBXBuildFile; fileRef = BD43E1191C8355E9002F14C6 /* UIView+RoundedCorners.swift */; };
		BD43E11C1C847D77002F14C6 /* SearchViewController.swift in Sources */ = {isa = PBXBuildFile; fileRef = BD43E11B1C847D77002F14C6 /* SearchViewController.swift */; };
		BD4B8EB71C7CE22C00AD579B /* AboutSection.swift in Sources */ = {isa = PBXBuildFile; fileRef = BD4B8EB61C7CE22C00AD579B /* AboutSection.swift */; };
		BD4B8EB91C7CEACD00AD579B /* AboutFooterCellController.swift in Sources */ = {isa = PBXBuildFile; fileRef = BD4B8EB81C7CEACD00AD579B /* AboutFooterCellController.swift */; };
		BD4B8EBB1C7CEB1D00AD579B /* AboutFooterCell.xib in Resources */ = {isa = PBXBuildFile; fileRef = BD4B8EBA1C7CEB1D00AD579B /* AboutFooterCell.xib */; };
		BD4B8EBF1C7E039F00AD579B /* IntencityPaddedLabel.swift in Sources */ = {isa = PBXBuildFile; fileRef = BD4B8EBE1C7E039F00AD579B /* IntencityPaddedLabel.swift */; };
		BD5460EE1C68D34400F60ADC /* AppDelegate.swift in Sources */ = {isa = PBXBuildFile; fileRef = BD5460ED1C68D34400F60ADC /* AppDelegate.swift */; };
		BD5460F01C68D34400F60ADC /* DemoViewController.swift in Sources */ = {isa = PBXBuildFile; fileRef = BD5460EF1C68D34400F60ADC /* DemoViewController.swift */; };
		BD5460F31C68D34400F60ADC /* Demo.storyboard in Resources */ = {isa = PBXBuildFile; fileRef = BD5460F11C68D34400F60ADC /* Demo.storyboard */; };
		BD5460F51C68D34400F60ADC /* Assets.xcassets in Resources */ = {isa = PBXBuildFile; fileRef = BD5460F41C68D34400F60ADC /* Assets.xcassets */; };
		BD5461001C68D53200F60ADC /* PageViewController.swift in Sources */ = {isa = PBXBuildFile; fileRef = BD5460FF1C68D53200F60ADC /* PageViewController.swift */; };
		BD5FC6941C7CDF5000E31D97 /* AboutCell.xib in Resources */ = {isa = PBXBuildFile; fileRef = BD5FC6931C7CDF5000E31D97 /* AboutCell.xib */; };
		BD5FC6961C7CDFEA00E31D97 /* AboutCellController.swift in Sources */ = {isa = PBXBuildFile; fileRef = BD5FC6951C7CDFEA00E31D97 /* AboutCellController.swift */; };
		BD6E4B041C84A89900C4E6FB /* User.swift in Sources */ = {isa = PBXBuildFile; fileRef = BD6E4B031C84A89900C4E6FB /* User.swift */; };
		BD6E4B061C84B2AC00C4E6FB /* UserSearchDelegate.swift in Sources */ = {isa = PBXBuildFile; fileRef = BD6E4B051C84B2AC00C4E6FB /* UserSearchDelegate.swift */; };
		BD74A2591C735EA700E6ABD2 /* StatViewController.swift in Sources */ = {isa = PBXBuildFile; fileRef = BD74A2581C735EA700E6ABD2 /* StatViewController.swift */; };
		BD7C7E7C1C7C9ABD005AFFDD /* MenuRow.swift in Sources */ = {isa = PBXBuildFile; fileRef = BD7C7E7B1C7C9ABD005AFFDD /* MenuRow.swift */; };
		BD7C7E7E1C7C9E48005AFFDD /* AboutViewController.swift in Sources */ = {isa = PBXBuildFile; fileRef = BD7C7E7D1C7C9E48005AFFDD /* AboutViewController.swift */; };
		BD7C7E811C7CA0A6005AFFDD /* NotificationViewController.swift in Sources */ = {isa = PBXBuildFile; fileRef = BD7C7E801C7CA0A6005AFFDD /* NotificationViewController.swift */; };
		BD7C7E831C7CA0C6005AFFDD /* EditHiddenExercisesViewController.swift in Sources */ = {isa = PBXBuildFile; fileRef = BD7C7E821C7CA0C6005AFFDD /* EditHiddenExercisesViewController.swift */; };
		BD7C7E851C7CA0CF005AFFDD /* EditEquipmentViewController.swift in Sources */ = {isa = PBXBuildFile; fileRef = BD7C7E841C7CA0CF005AFFDD /* EditEquipmentViewController.swift */; };
		BD7C7E871C7CA0DA005AFFDD /* ChangePasswordViewController.swift in Sources */ = {isa = PBXBuildFile; fileRef = BD7C7E861C7CA0DA005AFFDD /* ChangePasswordViewController.swift */; };
		BD7C7E891C7CA0E9005AFFDD /* DeleteAccountViewController.swift in Sources */ = {isa = PBXBuildFile; fileRef = BD7C7E881C7CA0E9005AFFDD /* DeleteAccountViewController.swift */; };
		BD9479FB1C6CE43C003F3767 /* JSON.swift in Sources */ = {isa = PBXBuildFile; fileRef = BD9479FA1C6CE43C003F3767 /* JSON.swift */; };
		BD9479FD1C6CE452003F3767 /* Loading.storyboard in Resources */ = {isa = PBXBuildFile; fileRef = BD9479FC1C6CE452003F3767 /* Loading.storyboard */; };
		BD947A021C6CED31003F3767 /* LoginNavController.swift in Sources */ = {isa = PBXBuildFile; fileRef = BD947A011C6CED31003F3767 /* LoginNavController.swift */; };
		BD947A041C6CF252003F3767 /* IntencityError.swift in Sources */ = {isa = PBXBuildFile; fileRef = BD947A031C6CF252003F3767 /* IntencityError.swift */; };
		BD947A061C6D3F30003F3767 /* Integer.swift in Sources */ = {isa = PBXBuildFile; fileRef = BD947A051C6D3F30003F3767 /* Integer.swift */; };
		BD947A0A1C6D4B90003F3767 /* ServiceEvent.swift in Sources */ = {isa = PBXBuildFile; fileRef = BD947A091C6D4B90003F3767 /* ServiceEvent.swift */; };
		BD947A361C6F6E5F003F3767 /* RoutineCard.xib in Resources */ = {isa = PBXBuildFile; fileRef = BD947A351C6F6E5F003F3767 /* RoutineCard.xib */; };
		BD947A381C6F6F50003F3767 /* RoutineCellController.swift in Sources */ = {isa = PBXBuildFile; fileRef = BD947A371C6F6F50003F3767 /* RoutineCellController.swift */; };
		BD9EF24A1C68F48E00E520CB /* LoginViewController.swift in Sources */ = {isa = PBXBuildFile; fileRef = BD9EF2491C68F48E00E520CB /* LoginViewController.swift */; };
		BD9EF24C1C69066100E520CB /* DemoContentViewController.swift in Sources */ = {isa = PBXBuildFile; fileRef = BD9EF24B1C69066100E520CB /* DemoContentViewController.swift */; };
		BD9EF2511C691C7100E520CB /* Localizable.strings in Resources */ = {isa = PBXBuildFile; fileRef = BD9EF2531C691C7100E520CB /* Localizable.strings */; };
		BD9EF2571C692A6900E520CB /* DemoView.swift in Sources */ = {isa = PBXBuildFile; fileRef = BD9EF2561C692A6900E520CB /* DemoView.swift */; };
		BD9EF2591C693A6400E520CB /* Color.swift in Sources */ = {isa = PBXBuildFile; fileRef = BD9EF2581C693A6400E520CB /* Color.swift */; };
		BD9EF2661C6A278800E520CB /* Login.storyboard in Resources */ = {isa = PBXBuildFile; fileRef = BD9EF2651C6A278800E520CB /* Login.storyboard */; };
		BD9EF2A81C6A310200E520CB /* ForgotPasswordViewController.swift in Sources */ = {isa = PBXBuildFile; fileRef = BD9EF2A71C6A310200E520CB /* ForgotPasswordViewController.swift */; };
		BD9EF2AC1C6A496800E520CB /* IntencityTextField.swift in Sources */ = {isa = PBXBuildFile; fileRef = BD9EF2AB1C6A496800E520CB /* IntencityTextField.swift */; };
		BD9EF2AE1C6A49C500E520CB /* Dimention.swift in Sources */ = {isa = PBXBuildFile; fileRef = BD9EF2AD1C6A49C500E520CB /* Dimention.swift */; };
		BD9EF2B01C6A52FA00E520CB /* IntencityButton.swift in Sources */ = {isa = PBXBuildFile; fileRef = BD9EF2AF1C6A52FA00E520CB /* IntencityButton.swift */; };
		BD9EF2B21C6A56CE00E520CB /* IntencityButtonNoBackground.swift in Sources */ = {isa = PBXBuildFile; fileRef = BD9EF2B11C6A56CE00E520CB /* IntencityButtonNoBackground.swift */; };
		BD9EF2B41C6A894E00E520CB /* CreateAccountViewController.swift in Sources */ = {isa = PBXBuildFile; fileRef = BD9EF2B31C6A894E00E520CB /* CreateAccountViewController.swift */; };
		BD9EF2B61C6A8AF500E520CB /* TermsViewController.swift in Sources */ = {isa = PBXBuildFile; fileRef = BD9EF2B51C6A8AF500E520CB /* TermsViewController.swift */; };
		BD9EF2B81C6A941F00E520CB /* terms.html in Resources */ = {isa = PBXBuildFile; fileRef = BD9EF2B71C6A941F00E520CB /* terms.html */; };
		BD9EF2BC1C6B701D00E520CB /* ServiceTask.swift in Sources */ = {isa = PBXBuildFile; fileRef = BD9EF2BB1C6B701D00E520CB /* ServiceTask.swift */; };
		BD9EF2BF1C6B829500E520CB /* ServiceDelegate.swift in Sources */ = {isa = PBXBuildFile; fileRef = BD9EF2BE1C6B829500E520CB /* ServiceDelegate.swift */; };
		BD9EF2C21C6B869E00E520CB /* Constant.swift in Sources */ = {isa = PBXBuildFile; fileRef = BD9EF2C11C6B869E00E520CB /* Constant.swift */; };
		BD9EF2C41C6B8A6700E520CB /* Util.swift in Sources */ = {isa = PBXBuildFile; fileRef = BD9EF2C31C6B8A6700E520CB /* Util.swift */; };
		BD9EF2C61C6BEFB800E520CB /* IntencityTabBarController.swift in Sources */ = {isa = PBXBuildFile; fileRef = BD9EF2C51C6BEFB800E520CB /* IntencityTabBarController.swift */; };
		BD9EF2C81C6BF4CC00E520CB /* MenuViewController.swift in Sources */ = {isa = PBXBuildFile; fileRef = BD9EF2C71C6BF4CC00E520CB /* MenuViewController.swift */; };
		BD9EF2CA1C6BF4D600E520CB /* RankingViewController.swift in Sources */ = {isa = PBXBuildFile; fileRef = BD9EF2C91C6BF4D600E520CB /* RankingViewController.swift */; };
		BDAF87A71C80B6B3001114A4 /* IntencityButtonView.swift in Sources */ = {isa = PBXBuildFile; fileRef = BDAF87A61C80B6B3001114A4 /* IntencityButtonView.swift */; };
		BDB45A1A1C849AAF009E509B /* SearchCell.xib in Resources */ = {isa = PBXBuildFile; fileRef = BDB45A191C849AAF009E509B /* SearchCell.xib */; };
		BDB45A1C1C849B42009E509B /* SearchCellController.swift in Sources */ = {isa = PBXBuildFile; fileRef = BDB45A1B1C849B42009E509B /* SearchCellController.swift */; };
		BDB45A1E1C849F52009E509B /* ExerciseDao.swift in Sources */ = {isa = PBXBuildFile; fileRef = BDB45A1D1C849F52009E509B /* ExerciseDao.swift */; };
		BDB45A201C84A122009E509B /* ExerciseSearchDelegate.swift in Sources */ = {isa = PBXBuildFile; fileRef = BDB45A1F1C84A122009E509B /* ExerciseSearchDelegate.swift */; };
		BDD721CF1C6F96E2003C242C /* RoutineDelegate.swift in Sources */ = {isa = PBXBuildFile; fileRef = BDD721CE1C6F96E2003C242C /* RoutineDelegate.swift */; };
		BDD721D31C6FAFDA003C242C /* IntencityCardButton.swift in Sources */ = {isa = PBXBuildFile; fileRef = BDD721D21C6FAFDA003C242C /* IntencityCardButton.swift */; };
		BDE493F11C7A0445005817D0 /* ExerciseData.swift in Sources */ = {isa = PBXBuildFile; fileRef = BDE493F01C7A0445005817D0 /* ExerciseData.swift */; };
		BDE493F51C7B5957005817D0 /* UIResponder+firstResponder.swift in Sources */ = {isa = PBXBuildFile; fileRef = BDE493F41C7B5957005817D0 /* UIResponder+firstResponder.swift */; };
		BDE493F71C7B961D005817D0 /* MenuSection.swift in Sources */ = {isa = PBXBuildFile; fileRef = BDE493F61C7B961D005817D0 /* MenuSection.swift */; };
		BDE493F91C7B9A26005817D0 /* Menu.xib in Resources */ = {isa = PBXBuildFile; fileRef = BDE493F81C7B9A26005817D0 /* Menu.xib */; };
		BDE493FB1C7B9A58005817D0 /* MenuCellController.swift in Sources */ = {isa = PBXBuildFile; fileRef = BDE493FA1C7B9A58005817D0 /* MenuCellController.swift */; };
		BDE493FD1C7B9B45005817D0 /* MenuHeader.xib in Resources */ = {isa = PBXBuildFile; fileRef = BDE493FC1C7B9B45005817D0 /* MenuHeader.xib */; };
		BDE493FF1C7B9B5B005817D0 /* MenuHeaderCellController.swift in Sources */ = {isa = PBXBuildFile; fileRef = BDE493FE1C7B9B5B005817D0 /* MenuHeaderCellController.swift */; };
		BDE8BED41C776E5600DBFB31 /* ExerciseListHeader.xib in Resources */ = {isa = PBXBuildFile; fileRef = BDE8BED31C776E5600DBFB31 /* ExerciseListHeader.xib */; };
		BDE8BED61C77700900DBFB31 /* ExerciseListHeaderController.swift in Sources */ = {isa = PBXBuildFile; fileRef = BDE8BED51C77700900DBFB31 /* ExerciseListHeaderController.swift */; };
		BDF44A311C7798BA00B47CD1 /* IntencityButtonNoBackgroundDark.swift in Sources */ = {isa = PBXBuildFile; fileRef = BDF44A301C7798BA00B47CD1 /* IntencityButtonNoBackgroundDark.swift */; };
		BDF44A331C79F46D00B47CD1 /* DBHelper.swift in Sources */ = {isa = PBXBuildFile; fileRef = BDF44A321C79F46D00B47CD1 /* DBHelper.swift */; };
		BDF44A361C79F63600B47CD1 /* ExerciseTable.swift in Sources */ = {isa = PBXBuildFile; fileRef = BDF44A351C79F63600B47CD1 /* ExerciseTable.swift */; };
		BDFE97141C68E62C00C2AEA3 /* Main.storyboard in Resources */ = {isa = PBXBuildFile; fileRef = BDFE97131C68E62C00C2AEA3 /* Main.storyboard */; };
		BDFE97161C68E6FC00C2AEA3 /* FitnessLogViewController.swift in Sources */ = {isa = PBXBuildFile; fileRef = BDFE97151C68E6FC00C2AEA3 /* FitnessLogViewController.swift */; };
		F386C2DCFFCB6795EEF5B587 /* Pods.framework in Frameworks */ = {isa = PBXBuildFile; fileRef = C82B639B36984DE79BC8DABA /* Pods.framework */; };
/* End PBXBuildFile section */

/* Begin PBXFileReference section */
		149BA7352CB3DC04F109302E /* Pods.release.xcconfig */ = {isa = PBXFileReference; includeInIndex = 1; lastKnownFileType = text.xcconfig; name = Pods.release.xcconfig; path = "Pods/Target Support Files/Pods/Pods.release.xcconfig"; sourceTree = "<group>"; };
		9427C3694822D3AE0479F268 /* Pods_intencity.framework */ = {isa = PBXFileReference; explicitFileType = wrapper.framework; includeInIndex = 0; path = Pods_intencity.framework; sourceTree = BUILT_PRODUCTS_DIR; };
		BD03C7B21C76082B00D8911A /* Set.xib */ = {isa = PBXFileReference; fileEncoding = 4; lastKnownFileType = file.xib; path = Set.xib; sourceTree = "<group>"; };
		BD03C7B41C760A4E00D8911A /* SetCellController.swift */ = {isa = PBXFileReference; fileEncoding = 4; lastKnownFileType = sourcecode.swift; path = SetCellController.swift; sourceTree = "<group>"; };
		BD03C7B61C760DE200D8911A /* Set.swift */ = {isa = PBXFileReference; fileEncoding = 4; lastKnownFileType = sourcecode.swift; path = Set.swift; sourceTree = "<group>"; };
		BD03C7BA1C761B6000D8911A /* SetDelegate.swift */ = {isa = PBXFileReference; fileEncoding = 4; lastKnownFileType = sourcecode.swift; path = SetDelegate.swift; sourceTree = "<group>"; };
		BD10539A1C6CD071004C10C7 /* Key.swift */ = {isa = PBXFileReference; fileEncoding = 4; lastKnownFileType = sourcecode.swift; path = Key.swift; sourceTree = "<group>"; };
		BD36EC1E1C70EB5D00F993CE /* ExerciseCellController.swift */ = {isa = PBXFileReference; fileEncoding = 4; lastKnownFileType = sourcecode.swift; path = ExerciseCellController.swift; sourceTree = "<group>"; };
		BD36EC221C70F0A400F993CE /* Exercise.swift */ = {isa = PBXFileReference; fileEncoding = 4; lastKnownFileType = sourcecode.swift; path = Exercise.swift; sourceTree = "<group>"; };
		BD36EC261C70FD6D00F993CE /* DirectionCellController.swift */ = {isa = PBXFileReference; fileEncoding = 4; lastKnownFileType = sourcecode.swift; path = DirectionCellController.swift; sourceTree = "<group>"; };
		BD36EC281C71048600F993CE /* ExerciseCard.xib */ = {isa = PBXFileReference; fileEncoding = 4; lastKnownFileType = file.xib; path = ExerciseCard.xib; sourceTree = "<group>"; };
		BD36EC2C1C7170EB00F993CE /* IntencityCardView.swift */ = {isa = PBXFileReference; fileEncoding = 4; lastKnownFileType = sourcecode.swift; path = IntencityCardView.swift; sourceTree = "<group>"; };
		BD36EC2E1C72068900F993CE /* ExerciseDelegate.swift */ = {isa = PBXFileReference; fileEncoding = 4; lastKnownFileType = sourcecode.swift; path = ExerciseDelegate.swift; sourceTree = "<group>"; };
		BD36EC301C72080F00F993CE /* DirectionViewController.swift */ = {isa = PBXFileReference; fileEncoding = 4; lastKnownFileType = sourcecode.swift; path = DirectionViewController.swift; sourceTree = "<group>"; };
		BD36EC321C720C6B00F993CE /* Direction.xib */ = {isa = PBXFileReference; fileEncoding = 4; lastKnownFileType = file.xib; path = Direction.xib; sourceTree = "<group>"; };
		BD37E3AB1C7E3906004A30F7 /* IntencityButtonRound.swift */ = {isa = PBXFileReference; fileEncoding = 4; lastKnownFileType = sourcecode.swift; path = IntencityButtonRound.swift; sourceTree = "<group>"; };
		BD37E3AD1C7F4273004A30F7 /* SavedExercise.swift */ = {isa = PBXFileReference; fileEncoding = 4; lastKnownFileType = sourcecode.swift; path = SavedExercise.swift; sourceTree = "<group>"; };
		BD43E1191C8355E9002F14C6 /* UIView+RoundedCorners.swift */ = {isa = PBXFileReference; fileEncoding = 4; lastKnownFileType = sourcecode.swift; path = "UIView+RoundedCorners.swift"; sourceTree = "<group>"; };
		BD43E11B1C847D77002F14C6 /* SearchViewController.swift */ = {isa = PBXFileReference; fileEncoding = 4; lastKnownFileType = sourcecode.swift; path = SearchViewController.swift; sourceTree = "<group>"; };
		BD4B8EB61C7CE22C00AD579B /* AboutSection.swift */ = {isa = PBXFileReference; fileEncoding = 4; lastKnownFileType = sourcecode.swift; path = AboutSection.swift; sourceTree = SOURCE_ROOT; };
		BD4B8EB81C7CEACD00AD579B /* AboutFooterCellController.swift */ = {isa = PBXFileReference; fileEncoding = 4; lastKnownFileType = sourcecode.swift; path = AboutFooterCellController.swift; sourceTree = "<group>"; };
		BD4B8EBA1C7CEB1D00AD579B /* AboutFooterCell.xib */ = {isa = PBXFileReference; fileEncoding = 4; lastKnownFileType = file.xib; path = AboutFooterCell.xib; sourceTree = "<group>"; };
		BD4B8EBE1C7E039F00AD579B /* IntencityPaddedLabel.swift */ = {isa = PBXFileReference; fileEncoding = 4; lastKnownFileType = sourcecode.swift; path = IntencityPaddedLabel.swift; sourceTree = "<group>"; };
		BD5460EA1C68D34400F60ADC /* Intencity.app */ = {isa = PBXFileReference; explicitFileType = wrapper.application; includeInIndex = 0; path = Intencity.app; sourceTree = BUILT_PRODUCTS_DIR; };
		BD5460ED1C68D34400F60ADC /* AppDelegate.swift */ = {isa = PBXFileReference; lastKnownFileType = sourcecode.swift; path = AppDelegate.swift; sourceTree = "<group>"; };
		BD5460EF1C68D34400F60ADC /* DemoViewController.swift */ = {isa = PBXFileReference; lastKnownFileType = sourcecode.swift; path = DemoViewController.swift; sourceTree = "<group>"; };
		BD5460F21C68D34400F60ADC /* Base */ = {isa = PBXFileReference; lastKnownFileType = file.storyboard; name = Base; path = Base.lproj/Demo.storyboard; sourceTree = "<group>"; };
		BD5460F41C68D34400F60ADC /* Assets.xcassets */ = {isa = PBXFileReference; lastKnownFileType = folder.assetcatalog; path = Assets.xcassets; sourceTree = "<group>"; };
		BD5460F91C68D34400F60ADC /* Info.plist */ = {isa = PBXFileReference; lastKnownFileType = text.plist.xml; path = Info.plist; sourceTree = "<group>"; };
		BD5460FF1C68D53200F60ADC /* PageViewController.swift */ = {isa = PBXFileReference; fileEncoding = 4; lastKnownFileType = sourcecode.swift; path = PageViewController.swift; sourceTree = "<group>"; };
		BD5FC6931C7CDF5000E31D97 /* AboutCell.xib */ = {isa = PBXFileReference; fileEncoding = 4; lastKnownFileType = file.xib; path = AboutCell.xib; sourceTree = "<group>"; };
		BD5FC6951C7CDFEA00E31D97 /* AboutCellController.swift */ = {isa = PBXFileReference; fileEncoding = 4; lastKnownFileType = sourcecode.swift; path = AboutCellController.swift; sourceTree = "<group>"; };
		BD6E4B031C84A89900C4E6FB /* User.swift */ = {isa = PBXFileReference; fileEncoding = 4; lastKnownFileType = sourcecode.swift; path = User.swift; sourceTree = "<group>"; };
		BD6E4B051C84B2AC00C4E6FB /* UserSearchDelegate.swift */ = {isa = PBXFileReference; fileEncoding = 4; lastKnownFileType = sourcecode.swift; path = UserSearchDelegate.swift; sourceTree = "<group>"; };
		BD74A2581C735EA700E6ABD2 /* StatViewController.swift */ = {isa = PBXFileReference; fileEncoding = 4; lastKnownFileType = sourcecode.swift; path = StatViewController.swift; sourceTree = "<group>"; };
		BD7C7E7B1C7C9ABD005AFFDD /* MenuRow.swift */ = {isa = PBXFileReference; fileEncoding = 4; lastKnownFileType = sourcecode.swift; path = MenuRow.swift; sourceTree = SOURCE_ROOT; };
		BD7C7E7D1C7C9E48005AFFDD /* AboutViewController.swift */ = {isa = PBXFileReference; fileEncoding = 4; lastKnownFileType = sourcecode.swift; path = AboutViewController.swift; sourceTree = "<group>"; };
		BD7C7E801C7CA0A6005AFFDD /* NotificationViewController.swift */ = {isa = PBXFileReference; fileEncoding = 4; lastKnownFileType = sourcecode.swift; path = NotificationViewController.swift; sourceTree = "<group>"; };
		BD7C7E821C7CA0C6005AFFDD /* EditHiddenExercisesViewController.swift */ = {isa = PBXFileReference; fileEncoding = 4; lastKnownFileType = sourcecode.swift; path = EditHiddenExercisesViewController.swift; sourceTree = "<group>"; };
		BD7C7E841C7CA0CF005AFFDD /* EditEquipmentViewController.swift */ = {isa = PBXFileReference; fileEncoding = 4; lastKnownFileType = sourcecode.swift; path = EditEquipmentViewController.swift; sourceTree = "<group>"; };
		BD7C7E861C7CA0DA005AFFDD /* ChangePasswordViewController.swift */ = {isa = PBXFileReference; fileEncoding = 4; lastKnownFileType = sourcecode.swift; path = ChangePasswordViewController.swift; sourceTree = "<group>"; };
		BD7C7E881C7CA0E9005AFFDD /* DeleteAccountViewController.swift */ = {isa = PBXFileReference; fileEncoding = 4; lastKnownFileType = sourcecode.swift; path = DeleteAccountViewController.swift; sourceTree = "<group>"; };
		BD9479FA1C6CE43C003F3767 /* JSON.swift */ = {isa = PBXFileReference; fileEncoding = 4; lastKnownFileType = sourcecode.swift; path = JSON.swift; sourceTree = "<group>"; };
		BD9479FC1C6CE452003F3767 /* Loading.storyboard */ = {isa = PBXFileReference; fileEncoding = 4; lastKnownFileType = file.storyboard; path = Loading.storyboard; sourceTree = "<group>"; };
		BD947A001C6CE598003F3767 /* en */ = {isa = PBXFileReference; lastKnownFileType = text.plist.strings; name = en; path = en.lproj/Localizable.strings; sourceTree = "<group>"; };
		BD947A011C6CED31003F3767 /* LoginNavController.swift */ = {isa = PBXFileReference; fileEncoding = 4; lastKnownFileType = sourcecode.swift; path = LoginNavController.swift; sourceTree = "<group>"; };
		BD947A031C6CF252003F3767 /* IntencityError.swift */ = {isa = PBXFileReference; fileEncoding = 4; lastKnownFileType = sourcecode.swift; path = IntencityError.swift; sourceTree = "<group>"; };
		BD947A051C6D3F30003F3767 /* Integer.swift */ = {isa = PBXFileReference; fileEncoding = 4; lastKnownFileType = sourcecode.swift; path = Integer.swift; sourceTree = "<group>"; };
		BD947A091C6D4B90003F3767 /* ServiceEvent.swift */ = {isa = PBXFileReference; fileEncoding = 4; lastKnownFileType = sourcecode.swift; name = ServiceEvent.swift; path = ../ServiceEvent.swift; sourceTree = "<group>"; };
		BD947A351C6F6E5F003F3767 /* RoutineCard.xib */ = {isa = PBXFileReference; fileEncoding = 4; lastKnownFileType = file.xib; path = RoutineCard.xib; sourceTree = "<group>"; };
		BD947A371C6F6F50003F3767 /* RoutineCellController.swift */ = {isa = PBXFileReference; fileEncoding = 4; lastKnownFileType = sourcecode.swift; path = RoutineCellController.swift; sourceTree = "<group>"; };
		BD9EF2491C68F48E00E520CB /* LoginViewController.swift */ = {isa = PBXFileReference; fileEncoding = 4; lastKnownFileType = sourcecode.swift; path = LoginViewController.swift; sourceTree = "<group>"; };
		BD9EF24B1C69066100E520CB /* DemoContentViewController.swift */ = {isa = PBXFileReference; fileEncoding = 4; lastKnownFileType = sourcecode.swift; path = DemoContentViewController.swift; sourceTree = "<group>"; };
		BD9EF2561C692A6900E520CB /* DemoView.swift */ = {isa = PBXFileReference; fileEncoding = 4; lastKnownFileType = sourcecode.swift; path = DemoView.swift; sourceTree = "<group>"; };
		BD9EF2581C693A6400E520CB /* Color.swift */ = {isa = PBXFileReference; fileEncoding = 4; lastKnownFileType = sourcecode.swift; path = Color.swift; sourceTree = "<group>"; };
		BD9EF2651C6A278800E520CB /* Login.storyboard */ = {isa = PBXFileReference; fileEncoding = 4; lastKnownFileType = file.storyboard; path = Login.storyboard; sourceTree = "<group>"; };
		BD9EF2A71C6A310200E520CB /* ForgotPasswordViewController.swift */ = {isa = PBXFileReference; fileEncoding = 4; lastKnownFileType = sourcecode.swift; path = ForgotPasswordViewController.swift; sourceTree = "<group>"; };
		BD9EF2AB1C6A496800E520CB /* IntencityTextField.swift */ = {isa = PBXFileReference; fileEncoding = 4; lastKnownFileType = sourcecode.swift; path = IntencityTextField.swift; sourceTree = "<group>"; };
		BD9EF2AD1C6A49C500E520CB /* Dimention.swift */ = {isa = PBXFileReference; fileEncoding = 4; lastKnownFileType = sourcecode.swift; path = Dimention.swift; sourceTree = "<group>"; };
		BD9EF2AF1C6A52FA00E520CB /* IntencityButton.swift */ = {isa = PBXFileReference; fileEncoding = 4; lastKnownFileType = sourcecode.swift; path = IntencityButton.swift; sourceTree = "<group>"; };
		BD9EF2B11C6A56CE00E520CB /* IntencityButtonNoBackground.swift */ = {isa = PBXFileReference; fileEncoding = 4; lastKnownFileType = sourcecode.swift; path = IntencityButtonNoBackground.swift; sourceTree = "<group>"; };
		BD9EF2B31C6A894E00E520CB /* CreateAccountViewController.swift */ = {isa = PBXFileReference; fileEncoding = 4; lastKnownFileType = sourcecode.swift; path = CreateAccountViewController.swift; sourceTree = "<group>"; };
		BD9EF2B51C6A8AF500E520CB /* TermsViewController.swift */ = {isa = PBXFileReference; fileEncoding = 4; lastKnownFileType = sourcecode.swift; path = TermsViewController.swift; sourceTree = "<group>"; };
		BD9EF2B71C6A941F00E520CB /* terms.html */ = {isa = PBXFileReference; fileEncoding = 4; lastKnownFileType = text.html; path = terms.html; sourceTree = "<group>"; };
		BD9EF2BB1C6B701D00E520CB /* ServiceTask.swift */ = {isa = PBXFileReference; fileEncoding = 4; lastKnownFileType = sourcecode.swift; path = ServiceTask.swift; sourceTree = "<group>"; };
		BD9EF2BE1C6B829500E520CB /* ServiceDelegate.swift */ = {isa = PBXFileReference; fileEncoding = 4; lastKnownFileType = sourcecode.swift; path = ServiceDelegate.swift; sourceTree = "<group>"; };
		BD9EF2C11C6B869E00E520CB /* Constant.swift */ = {isa = PBXFileReference; fileEncoding = 4; lastKnownFileType = sourcecode.swift; path = Constant.swift; sourceTree = "<group>"; };
		BD9EF2C31C6B8A6700E520CB /* Util.swift */ = {isa = PBXFileReference; fileEncoding = 4; lastKnownFileType = sourcecode.swift; path = Util.swift; sourceTree = "<group>"; };
		BD9EF2C51C6BEFB800E520CB /* IntencityTabBarController.swift */ = {isa = PBXFileReference; fileEncoding = 4; lastKnownFileType = sourcecode.swift; path = IntencityTabBarController.swift; sourceTree = "<group>"; };
		BD9EF2C71C6BF4CC00E520CB /* MenuViewController.swift */ = {isa = PBXFileReference; fileEncoding = 4; lastKnownFileType = sourcecode.swift; path = MenuViewController.swift; sourceTree = "<group>"; };
		BD9EF2C91C6BF4D600E520CB /* RankingViewController.swift */ = {isa = PBXFileReference; fileEncoding = 4; lastKnownFileType = sourcecode.swift; path = RankingViewController.swift; sourceTree = "<group>"; };
		BDAF87A61C80B6B3001114A4 /* IntencityButtonView.swift */ = {isa = PBXFileReference; fileEncoding = 4; lastKnownFileType = sourcecode.swift; path = IntencityButtonView.swift; sourceTree = "<group>"; };
		BDB45A191C849AAF009E509B /* SearchCell.xib */ = {isa = PBXFileReference; fileEncoding = 4; lastKnownFileType = file.xib; path = SearchCell.xib; sourceTree = "<group>"; };
		BDB45A1B1C849B42009E509B /* SearchCellController.swift */ = {isa = PBXFileReference; fileEncoding = 4; lastKnownFileType = sourcecode.swift; path = SearchCellController.swift; sourceTree = "<group>"; };
		BDB45A1D1C849F52009E509B /* ExerciseDao.swift */ = {isa = PBXFileReference; fileEncoding = 4; lastKnownFileType = sourcecode.swift; path = ExerciseDao.swift; sourceTree = "<group>"; };
		BDB45A1F1C84A122009E509B /* ExerciseSearchDelegate.swift */ = {isa = PBXFileReference; fileEncoding = 4; lastKnownFileType = sourcecode.swift; path = ExerciseSearchDelegate.swift; sourceTree = "<group>"; };
		BDD721CE1C6F96E2003C242C /* RoutineDelegate.swift */ = {isa = PBXFileReference; fileEncoding = 4; lastKnownFileType = sourcecode.swift; path = RoutineDelegate.swift; sourceTree = "<group>"; };
		BDD721D21C6FAFDA003C242C /* IntencityCardButton.swift */ = {isa = PBXFileReference; fileEncoding = 4; lastKnownFileType = sourcecode.swift; path = IntencityCardButton.swift; sourceTree = "<group>"; };
		BDE493F01C7A0445005817D0 /* ExerciseData.swift */ = {isa = PBXFileReference; fileEncoding = 4; lastKnownFileType = sourcecode.swift; path = ExerciseData.swift; sourceTree = "<group>"; };
		BDE493F41C7B5957005817D0 /* UIResponder+firstResponder.swift */ = {isa = PBXFileReference; fileEncoding = 4; lastKnownFileType = sourcecode.swift; path = "UIResponder+firstResponder.swift"; sourceTree = "<group>"; };
		BDE493F61C7B961D005817D0 /* MenuSection.swift */ = {isa = PBXFileReference; fileEncoding = 4; lastKnownFileType = sourcecode.swift; path = MenuSection.swift; sourceTree = SOURCE_ROOT; };
		BDE493F81C7B9A26005817D0 /* Menu.xib */ = {isa = PBXFileReference; fileEncoding = 4; lastKnownFileType = file.xib; path = Menu.xib; sourceTree = "<group>"; };
		BDE493FA1C7B9A58005817D0 /* MenuCellController.swift */ = {isa = PBXFileReference; fileEncoding = 4; lastKnownFileType = sourcecode.swift; path = MenuCellController.swift; sourceTree = "<group>"; };
		BDE493FC1C7B9B45005817D0 /* MenuHeader.xib */ = {isa = PBXFileReference; fileEncoding = 4; lastKnownFileType = file.xib; path = MenuHeader.xib; sourceTree = "<group>"; };
		BDE493FE1C7B9B5B005817D0 /* MenuHeaderCellController.swift */ = {isa = PBXFileReference; fileEncoding = 4; lastKnownFileType = sourcecode.swift; path = MenuHeaderCellController.swift; sourceTree = "<group>"; };
		BDE8BED31C776E5600DBFB31 /* ExerciseListHeader.xib */ = {isa = PBXFileReference; fileEncoding = 4; lastKnownFileType = file.xib; path = ExerciseListHeader.xib; sourceTree = "<group>"; };
		BDE8BED51C77700900DBFB31 /* ExerciseListHeaderController.swift */ = {isa = PBXFileReference; fileEncoding = 4; lastKnownFileType = sourcecode.swift; path = ExerciseListHeaderController.swift; sourceTree = "<group>"; };
		BDF44A301C7798BA00B47CD1 /* IntencityButtonNoBackgroundDark.swift */ = {isa = PBXFileReference; fileEncoding = 4; lastKnownFileType = sourcecode.swift; path = IntencityButtonNoBackgroundDark.swift; sourceTree = "<group>"; };
		BDF44A321C79F46D00B47CD1 /* DBHelper.swift */ = {isa = PBXFileReference; fileEncoding = 4; lastKnownFileType = sourcecode.swift; path = DBHelper.swift; sourceTree = "<group>"; };
		BDF44A351C79F63600B47CD1 /* ExerciseTable.swift */ = {isa = PBXFileReference; fileEncoding = 4; lastKnownFileType = sourcecode.swift; path = ExerciseTable.swift; sourceTree = "<group>"; };
		BDFE97131C68E62C00C2AEA3 /* Main.storyboard */ = {isa = PBXFileReference; fileEncoding = 4; lastKnownFileType = file.storyboard; path = Main.storyboard; sourceTree = "<group>"; };
		BDFE97151C68E6FC00C2AEA3 /* FitnessLogViewController.swift */ = {isa = PBXFileReference; fileEncoding = 4; lastKnownFileType = sourcecode.swift; path = FitnessLogViewController.swift; sourceTree = "<group>"; };
		C82B639B36984DE79BC8DABA /* Pods.framework */ = {isa = PBXFileReference; explicitFileType = wrapper.framework; includeInIndex = 0; path = Pods.framework; sourceTree = BUILT_PRODUCTS_DIR; };
		FC489527A4C448980D231596 /* Pods.debug.xcconfig */ = {isa = PBXFileReference; includeInIndex = 1; lastKnownFileType = text.xcconfig; name = Pods.debug.xcconfig; path = "Pods/Target Support Files/Pods/Pods.debug.xcconfig"; sourceTree = "<group>"; };
/* End PBXFileReference section */

/* Begin PBXFrameworksBuildPhase section */
		BD5460E71C68D34400F60ADC /* Frameworks */ = {
			isa = PBXFrameworksBuildPhase;
			buildActionMask = 2147483647;
			files = (
				F386C2DCFFCB6795EEF5B587 /* Pods.framework in Frameworks */,
			);
			runOnlyForDeploymentPostprocessing = 0;
		};
/* End PBXFrameworksBuildPhase section */

/* Begin PBXGroup section */
		8E71F0E20D049781B6EB533F /* Frameworks */ = {
			isa = PBXGroup;
			children = (
				C82B639B36984DE79BC8DABA /* Pods.framework */,
				9427C3694822D3AE0479F268 /* Pods_intencity.framework */,
			);
			name = Frameworks;
			sourceTree = "<group>";
		};
		BD1053961C6CC729004C10C7 /* Util */ = {
			isa = PBXGroup;
			children = (
				BD1053971C6CC989004C10C7 /* Extensions */,
				BD947A031C6CF252003F3767 /* IntencityError.swift */,
				BD9EF2C31C6B8A6700E520CB /* Util.swift */,
			);
			name = Util;
			sourceTree = "<group>";
		};
		BD1053971C6CC989004C10C7 /* Extensions */ = {
			isa = PBXGroup;
			children = (
				BDE493F41C7B5957005817D0 /* UIResponder+firstResponder.swift */,
				BD43E1191C8355E9002F14C6 /* UIView+RoundedCorners.swift */,
				BD9479FA1C6CE43C003F3767 /* JSON.swift */,
			);
			name = Extensions;
			sourceTree = "<group>";
		};
		BD36EC201C70EB6600F993CE /* Cells */ = {
			isa = PBXGroup;
			children = (
				BD5FC6951C7CDFEA00E31D97 /* AboutCellController.swift */,
				BDB45A1B1C849B42009E509B /* SearchCellController.swift */,
				BD4B8EB81C7CEACD00AD579B /* AboutFooterCellController.swift */,
				BDE8BED51C77700900DBFB31 /* ExerciseListHeaderController.swift */,
				BD03C7B41C760A4E00D8911A /* SetCellController.swift */,
				BD36EC1E1C70EB5D00F993CE /* ExerciseCellController.swift */,
				BD947A371C6F6F50003F3767 /* RoutineCellController.swift */,
				BD36EC261C70FD6D00F993CE /* DirectionCellController.swift */,
				BDE493FA1C7B9A58005817D0 /* MenuCellController.swift */,
				BDE493FE1C7B9B5B005817D0 /* MenuHeaderCellController.swift */,
			);
			name = Cells;
			sourceTree = "<group>";
		};
		BD5460E11C68D34400F60ADC = {
			isa = PBXGroup;
			children = (
				BD5460EC1C68D34400F60ADC /* intencity */,
				BD9EF2551C691C8900E520CB /* Resources */,
				BD5460EB1C68D34400F60ADC /* Products */,
				D6767112EB4CDF081AF45A57 /* Pods */,
				8E71F0E20D049781B6EB533F /* Frameworks */,
			);
			sourceTree = "<group>";
		};
		BD5460EB1C68D34400F60ADC /* Products */ = {
			isa = PBXGroup;
			children = (
				BD5460EA1C68D34400F60ADC /* Intencity.app */,
			);
			name = Products;
			sourceTree = "<group>";
		};
		BD5460EC1C68D34400F60ADC /* intencity */ = {
			isa = PBXGroup;
			children = (
				BD5460ED1C68D34400F60ADC /* AppDelegate.swift */,
				BD9EF2AA1C6A495000E520CB /* UIElements */,
				BD9EF2611C6A210300E520CB /* Model */,
				BD9EF2621C6A212C00E520CB /* Controllers */,
				BD9EF2C01C6B829A00E520CB /* Delegates */,
				BD9EF2BD1C6B722300E520CB /* Tasks */,
				BD9EF2601C6A20E300E520CB /* Views */,
				BDF44A341C79F61B00B47CD1 /* Helper */,
				BD1053961C6CC729004C10C7 /* Util */,
			);
			path = intencity;
			sourceTree = "<group>";
		};
		BD6E4B011C84A86B00C4E6FB /* Structs */ = {
			isa = PBXGroup;
			children = (
				BD947A091C6D4B90003F3767 /* ServiceEvent.swift */,
				BDE493F61C7B961D005817D0 /* MenuSection.swift */,
				BD4B8EB61C7CE22C00AD579B /* AboutSection.swift */,
				BD7C7E7B1C7C9ABD005AFFDD /* MenuRow.swift */,
				BD9EF2561C692A6900E520CB /* DemoView.swift */,
				BD03C7B61C760DE200D8911A /* Set.swift */,
				BD37E3AD1C7F4273004A30F7 /* SavedExercise.swift */,
				BD9EF2581C693A6400E520CB /* Color.swift */,
				BD9EF2AD1C6A49C500E520CB /* Dimention.swift */,
				BD947A051C6D3F30003F3767 /* Integer.swift */,
				BD9EF2C11C6B869E00E520CB /* Constant.swift */,
				BD10539A1C6CD071004C10C7 /* Key.swift */,
			);
			name = Structs;
			sourceTree = "<group>";
		};
		BD6E4B021C84A87200C4E6FB /* Classes */ = {
			isa = PBXGroup;
			children = (
				BD36EC221C70F0A400F993CE /* Exercise.swift */,
				BD6E4B031C84A89900C4E6FB /* User.swift */,
			);
			name = Classes;
			sourceTree = "<group>";
		};
		BD7C7E7F1C7CA08B005AFFDD /* Menu */ = {
			isa = PBXGroup;
			children = (
				BD7C7E801C7CA0A6005AFFDD /* NotificationViewController.swift */,
				BD7C7E821C7CA0C6005AFFDD /* EditHiddenExercisesViewController.swift */,
				BD7C7E841C7CA0CF005AFFDD /* EditEquipmentViewController.swift */,
				BD7C7E861C7CA0DA005AFFDD /* ChangePasswordViewController.swift */,
				BD7C7E7D1C7C9E48005AFFDD /* AboutViewController.swift */,
				BD7C7E881C7CA0E9005AFFDD /* DeleteAccountViewController.swift */,
			);
			name = Menu;
			sourceTree = "<group>";
		};
		BD947A2C1C6E3297003F3767 /* Demo */ = {
			isa = PBXGroup;
			children = (
				BD5460FF1C68D53200F60ADC /* PageViewController.swift */,
				BD5460EF1C68D34400F60ADC /* DemoViewController.swift */,
				BD9EF24B1C69066100E520CB /* DemoContentViewController.swift */,
			);
			name = Demo;
			sourceTree = "<group>";
		};
		BD947A2D1C6E32AC003F3767 /* Login */ = {
			isa = PBXGroup;
			children = (
				BD9EF2B31C6A894E00E520CB /* CreateAccountViewController.swift */,
				BD9EF2491C68F48E00E520CB /* LoginViewController.swift */,
				BD9EF2B51C6A8AF500E520CB /* TermsViewController.swift */,
				BD9EF2A71C6A310200E520CB /* ForgotPasswordViewController.swift */,
			);
			name = Login;
			sourceTree = "<group>";
		};
		BD947A2E1C6E32C1003F3767 /* Intencity */ = {
			isa = PBXGroup;
			children = (
				BD36EC201C70EB6600F993CE /* Cells */,
				BD7C7E7F1C7CA08B005AFFDD /* Menu */,
				BD9EF2C51C6BEFB800E520CB /* IntencityTabBarController.swift */,
				BD9EF2C71C6BF4CC00E520CB /* MenuViewController.swift */,
				BD9EF2C91C6BF4D600E520CB /* RankingViewController.swift */,
				BDFE97151C68E6FC00C2AEA3 /* FitnessLogViewController.swift */,
				BD43E11B1C847D77002F14C6 /* SearchViewController.swift */,
				BD947A011C6CED31003F3767 /* LoginNavController.swift */,
				BD36EC301C72080F00F993CE /* DirectionViewController.swift */,
				BD74A2581C735EA700E6ABD2 /* StatViewController.swift */,
			);
			name = Intencity;
			sourceTree = "<group>";
		};
		BD9EF2551C691C8900E520CB /* Resources */ = {
			isa = PBXGroup;
			children = (
				BD5460F41C68D34400F60ADC /* Assets.xcassets */,
				BD5460F91C68D34400F60ADC /* Info.plist */,
				BD9EF2531C691C7100E520CB /* Localizable.strings */,
				BD9EF2B71C6A941F00E520CB /* terms.html */,
			);
			name = Resources;
			path = intencity;
			sourceTree = "<group>";
		};
		BD9EF2601C6A20E300E520CB /* Views */ = {
			isa = PBXGroup;
			children = (
				BDE8BED31C776E5600DBFB31 /* ExerciseListHeader.xib */,
				BD5FC6931C7CDF5000E31D97 /* AboutCell.xib */,
				BD4B8EBA1C7CEB1D00AD579B /* AboutFooterCell.xib */,
				BD947A351C6F6E5F003F3767 /* RoutineCard.xib */,
				BD36EC281C71048600F993CE /* ExerciseCard.xib */,
				BDB45A191C849AAF009E509B /* SearchCell.xib */,
				BD36EC321C720C6B00F993CE /* Direction.xib */,
				BDE493F81C7B9A26005817D0 /* Menu.xib */,
				BDE493FC1C7B9B45005817D0 /* MenuHeader.xib */,
				BD03C7B21C76082B00D8911A /* Set.xib */,
				BD5460F11C68D34400F60ADC /* Demo.storyboard */,
				BD9EF2651C6A278800E520CB /* Login.storyboard */,
				BDFE97131C68E62C00C2AEA3 /* Main.storyboard */,
				BD9479FC1C6CE452003F3767 /* Loading.storyboard */,
			);
			name = Views;
			sourceTree = "<group>";
		};
		BD9EF2611C6A210300E520CB /* Model */ = {
			isa = PBXGroup;
			children = (
				BD6E4B011C84A86B00C4E6FB /* Structs */,
				BD6E4B021C84A87200C4E6FB /* Classes */,
			);
			name = Model;
			sourceTree = "<group>";
		};
		BD9EF2621C6A212C00E520CB /* Controllers */ = {
			isa = PBXGroup;
			children = (
				BD947A2C1C6E3297003F3767 /* Demo */,
				BD947A2D1C6E32AC003F3767 /* Login */,
				BD947A2E1C6E32C1003F3767 /* Intencity */,
			);
			name = Controllers;
			sourceTree = "<group>";
		};
		BD9EF2AA1C6A495000E520CB /* UIElements */ = {
			isa = PBXGroup;
			children = (
				BD9EF2AB1C6A496800E520CB /* IntencityTextField.swift */,
				BD9EF2AF1C6A52FA00E520CB /* IntencityButton.swift */,
				BD37E3AB1C7E3906004A30F7 /* IntencityButtonRound.swift */,
				BDAF87A61C80B6B3001114A4 /* IntencityButtonView.swift */,
				BD9EF2B11C6A56CE00E520CB /* IntencityButtonNoBackground.swift */,
				BD4B8EBE1C7E039F00AD579B /* IntencityPaddedLabel.swift */,
				BDF44A301C7798BA00B47CD1 /* IntencityButtonNoBackgroundDark.swift */,
				BD36EC2C1C7170EB00F993CE /* IntencityCardView.swift */,
				BDD721D21C6FAFDA003C242C /* IntencityCardButton.swift */,
			);
			name = UIElements;
			sourceTree = "<group>";
		};
		BD9EF2BD1C6B722300E520CB /* Tasks */ = {
			isa = PBXGroup;
			children = (
				BD9EF2BB1C6B701D00E520CB /* ServiceTask.swift */,
			);
			name = Tasks;
			sourceTree = "<group>";
		};
		BD9EF2C01C6B829A00E520CB /* Delegates */ = {
			isa = PBXGroup;
			children = (
				BD9EF2BE1C6B829500E520CB /* ServiceDelegate.swift */,
				BD03C7BA1C761B6000D8911A /* SetDelegate.swift */,
				BDD721CE1C6F96E2003C242C /* RoutineDelegate.swift */,
				BD36EC2E1C72068900F993CE /* ExerciseDelegate.swift */,
				BDB45A1F1C84A122009E509B /* ExerciseSearchDelegate.swift */,
				BD6E4B051C84B2AC00C4E6FB /* UserSearchDelegate.swift */,
			);
			name = Delegates;
			sourceTree = "<group>";
		};
		BDF44A341C79F61B00B47CD1 /* Helper */ = {
			isa = PBXGroup;
			children = (
				BDB45A1D1C849F52009E509B /* ExerciseDao.swift */,
				BDF44A321C79F46D00B47CD1 /* DBHelper.swift */,
				BDF44A351C79F63600B47CD1 /* ExerciseTable.swift */,
				BDE493F01C7A0445005817D0 /* ExerciseData.swift */,
			);
			name = Helper;
			sourceTree = "<group>";
		};
		D6767112EB4CDF081AF45A57 /* Pods */ = {
			isa = PBXGroup;
			children = (
				FC489527A4C448980D231596 /* Pods.debug.xcconfig */,
				149BA7352CB3DC04F109302E /* Pods.release.xcconfig */,
			);
			name = Pods;
			sourceTree = "<group>";
		};
/* End PBXGroup section */

/* Begin PBXNativeTarget section */
		BD5460E91C68D34400F60ADC /* intencity */ = {
			isa = PBXNativeTarget;
			buildConfigurationList = BD5460FC1C68D34400F60ADC /* Build configuration list for PBXNativeTarget "intencity" */;
			buildPhases = (
				68F00C2A332486E9B5012753 /* Check Pods Manifest.lock */,
				BD5460E61C68D34400F60ADC /* Sources */,
				BD5460E71C68D34400F60ADC /* Frameworks */,
				BD5460E81C68D34400F60ADC /* Resources */,
				9CA0F421B26334D50BFA385E /* Embed Pods Frameworks */,
				1046AEF17C686E5F37EE9965 /* Copy Pods Resources */,
			);
			buildRules = (
			);
			dependencies = (
			);
			name = intencity;
			productName = intencity;
			productReference = BD5460EA1C68D34400F60ADC /* Intencity.app */;
			productType = "com.apple.product-type.application";
		};
/* End PBXNativeTarget section */

/* Begin PBXProject section */
		BD5460E21C68D34400F60ADC /* Project object */ = {
			isa = PBXProject;
			attributes = {
				LastSwiftUpdateCheck = 0720;
				LastUpgradeCheck = 0720;
				ORGANIZATIONNAME = "Nick Piscopio";
				TargetAttributes = {
					BD5460E91C68D34400F60ADC = {
						CreatedOnToolsVersion = 7.2.1;
					};
				};
			};
			buildConfigurationList = BD5460E51C68D34400F60ADC /* Build configuration list for PBXProject "Intencity" */;
			compatibilityVersion = "Xcode 3.2";
			developmentRegion = English;
			hasScannedForEncodings = 0;
			knownRegions = (
				en,
				Base,
			);
			mainGroup = BD5460E11C68D34400F60ADC;
			productRefGroup = BD5460EB1C68D34400F60ADC /* Products */;
			projectDirPath = "";
			projectRoot = "";
			targets = (
				BD5460E91C68D34400F60ADC /* intencity */,
			);
		};
/* End PBXProject section */

/* Begin PBXResourcesBuildPhase section */
		BD5460E81C68D34400F60ADC /* Resources */ = {
			isa = PBXResourcesBuildPhase;
			buildActionMask = 2147483647;
			files = (
				BD947A361C6F6E5F003F3767 /* RoutineCard.xib in Resources */,
				BD36EC291C71048600F993CE /* ExerciseCard.xib in Resources */,
				BD5460F51C68D34400F60ADC /* Assets.xcassets in Resources */,
				BD5460F31C68D34400F60ADC /* Demo.storyboard in Resources */,
				BDE8BED41C776E5600DBFB31 /* ExerciseListHeader.xib in Resources */,
				BDE493FD1C7B9B45005817D0 /* MenuHeader.xib in Resources */,
				BD03C7B31C76082B00D8911A /* Set.xib in Resources */,
				BD9EF2661C6A278800E520CB /* Login.storyboard in Resources */,
				BD9479FD1C6CE452003F3767 /* Loading.storyboard in Resources */,
				BD36EC331C720C6B00F993CE /* Direction.xib in Resources */,
				BDB45A1A1C849AAF009E509B /* SearchCell.xib in Resources */,
				BD9EF2B81C6A941F00E520CB /* terms.html in Resources */,
				BD9EF2511C691C7100E520CB /* Localizable.strings in Resources */,
				BD5FC6941C7CDF5000E31D97 /* AboutCell.xib in Resources */,
				BDE493F91C7B9A26005817D0 /* Menu.xib in Resources */,
				BD4B8EBB1C7CEB1D00AD579B /* AboutFooterCell.xib in Resources */,
				BDFE97141C68E62C00C2AEA3 /* Main.storyboard in Resources */,
			);
			runOnlyForDeploymentPostprocessing = 0;
		};
/* End PBXResourcesBuildPhase section */

/* Begin PBXShellScriptBuildPhase section */
		1046AEF17C686E5F37EE9965 /* Copy Pods Resources */ = {
			isa = PBXShellScriptBuildPhase;
			buildActionMask = 2147483647;
			files = (
			);
			inputPaths = (
			);
			name = "Copy Pods Resources";
			outputPaths = (
			);
			runOnlyForDeploymentPostprocessing = 0;
			shellPath = /bin/sh;
			shellScript = "\"${SRCROOT}/Pods/Target Support Files/Pods/Pods-resources.sh\"\n";
			showEnvVarsInLog = 0;
		};
		68F00C2A332486E9B5012753 /* Check Pods Manifest.lock */ = {
			isa = PBXShellScriptBuildPhase;
			buildActionMask = 2147483647;
			files = (
			);
			inputPaths = (
			);
			name = "Check Pods Manifest.lock";
			outputPaths = (
			);
			runOnlyForDeploymentPostprocessing = 0;
			shellPath = /bin/sh;
			shellScript = "diff \"${PODS_ROOT}/../Podfile.lock\" \"${PODS_ROOT}/Manifest.lock\" > /dev/null\nif [[ $? != 0 ]] ; then\n    cat << EOM\nerror: The sandbox is not in sync with the Podfile.lock. Run 'pod install' or update your CocoaPods installation.\nEOM\n    exit 1\nfi\n";
			showEnvVarsInLog = 0;
		};
		9CA0F421B26334D50BFA385E /* Embed Pods Frameworks */ = {
			isa = PBXShellScriptBuildPhase;
			buildActionMask = 2147483647;
			files = (
			);
			inputPaths = (
			);
			name = "Embed Pods Frameworks";
			outputPaths = (
			);
			runOnlyForDeploymentPostprocessing = 0;
			shellPath = /bin/sh;
			shellScript = "\"${SRCROOT}/Pods/Target Support Files/Pods/Pods-frameworks.sh\"\n";
			showEnvVarsInLog = 0;
		};
/* End PBXShellScriptBuildPhase section */

/* Begin PBXSourcesBuildPhase section */
		BD5460E61C68D34400F60ADC /* Sources */ = {
			isa = PBXSourcesBuildPhase;
			buildActionMask = 2147483647;
			files = (
				BD03C7B71C760DE200D8911A /* Set.swift in Sources */,
				BD9EF2BC1C6B701D00E520CB /* ServiceTask.swift in Sources */,
				BD36EC311C72080F00F993CE /* DirectionViewController.swift in Sources */,
				BDE493FB1C7B9A58005817D0 /* MenuCellController.swift in Sources */,
				BD03C7B51C760A4E00D8911A /* SetCellController.swift in Sources */,
				BD9EF2B61C6A8AF500E520CB /* TermsViewController.swift in Sources */,
				BDD721D31C6FAFDA003C242C /* IntencityCardButton.swift in Sources */,
				BD43E11A1C8355E9002F14C6 /* UIView+RoundedCorners.swift in Sources */,
				BD9EF2BF1C6B829500E520CB /* ServiceDelegate.swift in Sources */,
				BD36EC231C70F0A400F993CE /* Exercise.swift in Sources */,
				BD9EF2B41C6A894E00E520CB /* CreateAccountViewController.swift in Sources */,
				BD9EF2C61C6BEFB800E520CB /* IntencityTabBarController.swift in Sources */,
				BD43E11C1C847D77002F14C6 /* SearchViewController.swift in Sources */,
				BD7C7E7C1C7C9ABD005AFFDD /* MenuRow.swift in Sources */,
				BD9479FB1C6CE43C003F3767 /* JSON.swift in Sources */,
				BDE493F11C7A0445005817D0 /* ExerciseData.swift in Sources */,
				BD5460F01C68D34400F60ADC /* DemoViewController.swift in Sources */,
				BD5461001C68D53200F60ADC /* PageViewController.swift in Sources */,
				BDE493F51C7B5957005817D0 /* UIResponder+firstResponder.swift in Sources */,
				BD5460EE1C68D34400F60ADC /* AppDelegate.swift in Sources */,
				BD7C7E851C7CA0CF005AFFDD /* EditEquipmentViewController.swift in Sources */,
				BD9EF2AC1C6A496800E520CB /* IntencityTextField.swift in Sources */,
				BD74A2591C735EA700E6ABD2 /* StatViewController.swift in Sources */,
				BD36EC2D1C7170EB00F993CE /* IntencityCardView.swift in Sources */,
				BD9EF2591C693A6400E520CB /* Color.swift in Sources */,
				BDB45A201C84A122009E509B /* ExerciseSearchDelegate.swift in Sources */,
				BD9EF2C81C6BF4CC00E520CB /* MenuViewController.swift in Sources */,
				BD947A021C6CED31003F3767 /* LoginNavController.swift in Sources */,
				BDE493F71C7B961D005817D0 /* MenuSection.swift in Sources */,
				BD7C7E891C7CA0E9005AFFDD /* DeleteAccountViewController.swift in Sources */,
				BD9EF24C1C69066100E520CB /* DemoContentViewController.swift in Sources */,
				BD6E4B061C84B2AC00C4E6FB /* UserSearchDelegate.swift in Sources */,
				BD36EC2F1C72068900F993CE /* ExerciseDelegate.swift in Sources */,
				BD9EF2A81C6A310200E520CB /* ForgotPasswordViewController.swift in Sources */,
				BD37E3AC1C7E3906004A30F7 /* IntencityButtonRound.swift in Sources */,
				BDD721CF1C6F96E2003C242C /* RoutineDelegate.swift in Sources */,
				BD9EF2C21C6B869E00E520CB /* Constant.swift in Sources */,
				BD9EF2C41C6B8A6700E520CB /* Util.swift in Sources */,
				BD947A061C6D3F30003F3767 /* Integer.swift in Sources */,
				BD947A381C6F6F50003F3767 /* RoutineCellController.swift in Sources */,
				BD9EF2B01C6A52FA00E520CB /* IntencityButton.swift in Sources */,
				BD9EF2B21C6A56CE00E520CB /* IntencityButtonNoBackground.swift in Sources */,
				BDB45A1E1C849F52009E509B /* ExerciseDao.swift in Sources */,
				BD9EF24A1C68F48E00E520CB /* LoginViewController.swift in Sources */,
				BDF44A361C79F63600B47CD1 /* ExerciseTable.swift in Sources */,
				BD947A0A1C6D4B90003F3767 /* ServiceEvent.swift in Sources */,
				BD7C7E831C7CA0C6005AFFDD /* EditHiddenExercisesViewController.swift in Sources */,
				BDE493FF1C7B9B5B005817D0 /* MenuHeaderCellController.swift in Sources */,
				BD7C7E871C7CA0DA005AFFDD /* ChangePasswordViewController.swift in Sources */,
				BD6E4B041C84A89900C4E6FB /* User.swift in Sources */,
				BDE8BED61C77700900DBFB31 /* ExerciseListHeaderController.swift in Sources */,
				BDFE97161C68E6FC00C2AEA3 /* FitnessLogViewController.swift in Sources */,
				BDF44A331C79F46D00B47CD1 /* DBHelper.swift in Sources */,
				BD36EC1F1C70EB5D00F993CE /* ExerciseCellController.swift in Sources */,
				BD9EF2AE1C6A49C500E520CB /* Dimention.swift in Sources */,
				BD9EF2571C692A6900E520CB /* DemoView.swift in Sources */,
				BD7C7E811C7CA0A6005AFFDD /* NotificationViewController.swift in Sources */,
				BDAF87A71C80B6B3001114A4 /* IntencityButtonView.swift in Sources */,
				BDF44A311C7798BA00B47CD1 /* IntencityButtonNoBackgroundDark.swift in Sources */,
				BD5FC6961C7CDFEA00E31D97 /* AboutCellController.swift in Sources */,
				BD4B8EB91C7CEACD00AD579B /* AboutFooterCellController.swift in Sources */,
				BD37E3AE1C7F4273004A30F7 /* SavedExercise.swift in Sources */,
				BD10539B1C6CD071004C10C7 /* Key.swift in Sources */,
				BD4B8EBF1C7E039F00AD579B /* IntencityPaddedLabel.swift in Sources */,
				BDB45A1C1C849B42009E509B /* SearchCellController.swift in Sources */,
				BD947A041C6CF252003F3767 /* IntencityError.swift in Sources */,
				BD9EF2CA1C6BF4D600E520CB /* RankingViewController.swift in Sources */,
				BD03C7BB1C761B6000D8911A /* SetDelegate.swift in Sources */,
				BD4B8EB71C7CE22C00AD579B /* AboutSection.swift in Sources */,
				BD7C7E7E1C7C9E48005AFFDD /* AboutViewController.swift in Sources */,
				BD36EC271C70FD6D00F993CE /* DirectionCellController.swift in Sources */,
			);
			runOnlyForDeploymentPostprocessing = 0;
		};
/* End PBXSourcesBuildPhase section */

/* Begin PBXVariantGroup section */
		BD5460F11C68D34400F60ADC /* Demo.storyboard */ = {
			isa = PBXVariantGroup;
			children = (
				BD5460F21C68D34400F60ADC /* Base */,
			);
			name = Demo.storyboard;
			sourceTree = "<group>";
		};
		BD9EF2531C691C7100E520CB /* Localizable.strings */ = {
			isa = PBXVariantGroup;
			children = (
				BD947A001C6CE598003F3767 /* en */,
			);
			name = Localizable.strings;
			path = ..;
			sourceTree = "<group>";
		};
/* End PBXVariantGroup section */

/* Begin XCBuildConfiguration section */
		BD5460FA1C68D34400F60ADC /* Debug */ = {
			isa = XCBuildConfiguration;
			buildSettings = {
				ALWAYS_SEARCH_USER_PATHS = NO;
				CLANG_CXX_LANGUAGE_STANDARD = "gnu++0x";
				CLANG_CXX_LIBRARY = "libc++";
				CLANG_ENABLE_MODULES = YES;
				CLANG_ENABLE_OBJC_ARC = YES;
				CLANG_WARN_BOOL_CONVERSION = YES;
				CLANG_WARN_CONSTANT_CONVERSION = YES;
				CLANG_WARN_DIRECT_OBJC_ISA_USAGE = YES_ERROR;
				CLANG_WARN_EMPTY_BODY = YES;
				CLANG_WARN_ENUM_CONVERSION = YES;
				CLANG_WARN_INT_CONVERSION = YES;
				CLANG_WARN_OBJC_ROOT_CLASS = YES_ERROR;
				CLANG_WARN_UNREACHABLE_CODE = YES;
				CLANG_WARN__DUPLICATE_METHOD_MATCH = YES;
				"CODE_SIGN_IDENTITY[sdk=iphoneos*]" = "iPhone Developer";
				COPY_PHASE_STRIP = NO;
				DEBUG_INFORMATION_FORMAT = dwarf;
				ENABLE_STRICT_OBJC_MSGSEND = YES;
				ENABLE_TESTABILITY = YES;
				GCC_C_LANGUAGE_STANDARD = gnu99;
				GCC_DYNAMIC_NO_PIC = NO;
				GCC_NO_COMMON_BLOCKS = YES;
				GCC_OPTIMIZATION_LEVEL = 0;
				GCC_PREPROCESSOR_DEFINITIONS = (
					"DEBUG=1",
					"$(inherited)",
				);
				GCC_WARN_64_TO_32_BIT_CONVERSION = YES;
				GCC_WARN_ABOUT_RETURN_TYPE = YES_ERROR;
				GCC_WARN_UNDECLARED_SELECTOR = YES;
				GCC_WARN_UNINITIALIZED_AUTOS = YES_AGGRESSIVE;
				GCC_WARN_UNUSED_FUNCTION = YES;
				GCC_WARN_UNUSED_VARIABLE = YES;
				IPHONEOS_DEPLOYMENT_TARGET = 9.2;
				MTL_ENABLE_DEBUG_INFO = YES;
				ONLY_ACTIVE_ARCH = YES;
				SDKROOT = iphoneos;
				SWIFT_OPTIMIZATION_LEVEL = "-Onone";
				TARGETED_DEVICE_FAMILY = "1,2";
			};
			name = Debug;
		};
		BD5460FB1C68D34400F60ADC /* Release */ = {
			isa = XCBuildConfiguration;
			buildSettings = {
				ALWAYS_SEARCH_USER_PATHS = NO;
				CLANG_CXX_LANGUAGE_STANDARD = "gnu++0x";
				CLANG_CXX_LIBRARY = "libc++";
				CLANG_ENABLE_MODULES = YES;
				CLANG_ENABLE_OBJC_ARC = YES;
				CLANG_WARN_BOOL_CONVERSION = YES;
				CLANG_WARN_CONSTANT_CONVERSION = YES;
				CLANG_WARN_DIRECT_OBJC_ISA_USAGE = YES_ERROR;
				CLANG_WARN_EMPTY_BODY = YES;
				CLANG_WARN_ENUM_CONVERSION = YES;
				CLANG_WARN_INT_CONVERSION = YES;
				CLANG_WARN_OBJC_ROOT_CLASS = YES_ERROR;
				CLANG_WARN_UNREACHABLE_CODE = YES;
				CLANG_WARN__DUPLICATE_METHOD_MATCH = YES;
				"CODE_SIGN_IDENTITY[sdk=iphoneos*]" = "iPhone Developer";
				COPY_PHASE_STRIP = NO;
				DEBUG_INFORMATION_FORMAT = "dwarf-with-dsym";
				ENABLE_NS_ASSERTIONS = NO;
				ENABLE_STRICT_OBJC_MSGSEND = YES;
				GCC_C_LANGUAGE_STANDARD = gnu99;
				GCC_NO_COMMON_BLOCKS = YES;
				GCC_WARN_64_TO_32_BIT_CONVERSION = YES;
				GCC_WARN_ABOUT_RETURN_TYPE = YES_ERROR;
				GCC_WARN_UNDECLARED_SELECTOR = YES;
				GCC_WARN_UNINITIALIZED_AUTOS = YES_AGGRESSIVE;
				GCC_WARN_UNUSED_FUNCTION = YES;
				GCC_WARN_UNUSED_VARIABLE = YES;
				IPHONEOS_DEPLOYMENT_TARGET = 9.2;
				MTL_ENABLE_DEBUG_INFO = NO;
				SDKROOT = iphoneos;
				TARGETED_DEVICE_FAMILY = "1,2";
				VALIDATE_PRODUCT = YES;
			};
			name = Release;
		};
		BD5460FD1C68D34400F60ADC /* Debug */ = {
			isa = XCBuildConfiguration;
			baseConfigurationReference = FC489527A4C448980D231596 /* Pods.debug.xcconfig */;
			buildSettings = {
				ASSETCATALOG_COMPILER_APPICON_NAME = AppIcon;
				FRAMEWORK_SEARCH_PATHS = (
					"$(inherited)",
					"$(PROJECT_DIR)",
				);
				INFOPLIST_FILE = intencity/Info.plist;
				LD_RUNPATH_SEARCH_PATHS = "$(inherited) @executable_path/Frameworks";
				PRODUCT_BUNDLE_IDENTIFIER = com.intencity.intencity;
				PRODUCT_NAME = Intencity;
			};
			name = Debug;
		};
		BD5460FE1C68D34400F60ADC /* Release */ = {
			isa = XCBuildConfiguration;
			baseConfigurationReference = 149BA7352CB3DC04F109302E /* Pods.release.xcconfig */;
			buildSettings = {
				ASSETCATALOG_COMPILER_APPICON_NAME = AppIcon;
				FRAMEWORK_SEARCH_PATHS = (
					"$(inherited)",
					"$(PROJECT_DIR)",
				);
				INFOPLIST_FILE = intencity/Info.plist;
				LD_RUNPATH_SEARCH_PATHS = "$(inherited) @executable_path/Frameworks";
				PRODUCT_BUNDLE_IDENTIFIER = com.intencity.intencity;
				PRODUCT_NAME = Intencity;
			};
			name = Release;
		};
/* End XCBuildConfiguration section */

/* Begin XCConfigurationList section */
		BD5460E51C68D34400F60ADC /* Build configuration list for PBXProject "Intencity" */ = {
			isa = XCConfigurationList;
			buildConfigurations = (
				BD5460FA1C68D34400F60ADC /* Debug */,
				BD5460FB1C68D34400F60ADC /* Release */,
			);
			defaultConfigurationIsVisible = 0;
			defaultConfigurationName = Release;
		};
		BD5460FC1C68D34400F60ADC /* Build configuration list for PBXNativeTarget "intencity" */ = {
			isa = XCConfigurationList;
			buildConfigurations = (
				BD5460FD1C68D34400F60ADC /* Debug */,
				BD5460FE1C68D34400F60ADC /* Release */,
			);
			defaultConfigurationIsVisible = 0;
			defaultConfigurationName = Release;
		};
/* End XCConfigurationList section */
	};
	rootObject = BD5460E21C68D34400F60ADC /* Project object */;
}
