// !$*UTF8*$!
{
	archiveVersion = 1;
	classes = {
	};
	objectVersion = 46;
	objects = {

/* Begin PBXBuildFile section */
		BD1053801C6CC2B3004C10C7 /* Encryption.swift in Sources */ = {isa = PBXBuildFile; fileRef = BD10537F1C6CC2B3004C10C7 /* Encryption.swift */; };
		BD10539B1C6CD071004C10C7 /* Key.swift in Sources */ = {isa = PBXBuildFile; fileRef = BD10539A1C6CD071004C10C7 /* Key.swift */; };
		BD5460EE1C68D34400F60ADC /* AppDelegate.swift in Sources */ = {isa = PBXBuildFile; fileRef = BD5460ED1C68D34400F60ADC /* AppDelegate.swift */; };
		BD5460F01C68D34400F60ADC /* DemoViewController.swift in Sources */ = {isa = PBXBuildFile; fileRef = BD5460EF1C68D34400F60ADC /* DemoViewController.swift */; };
		BD5460F31C68D34400F60ADC /* Demo.storyboard in Resources */ = {isa = PBXBuildFile; fileRef = BD5460F11C68D34400F60ADC /* Demo.storyboard */; };
		BD5460F51C68D34400F60ADC /* Assets.xcassets in Resources */ = {isa = PBXBuildFile; fileRef = BD5460F41C68D34400F60ADC /* Assets.xcassets */; };
		BD5461001C68D53200F60ADC /* PageViewController.swift in Sources */ = {isa = PBXBuildFile; fileRef = BD5460FF1C68D53200F60ADC /* PageViewController.swift */; };
		BD9479F91C6CE39D003F3767 /* CryptoSwift.framework in Frameworks */ = {isa = PBXBuildFile; fileRef = BD9479F81C6CE39D003F3767 /* CryptoSwift.framework */; };
		BD9479FB1C6CE43C003F3767 /* JSON.swift in Sources */ = {isa = PBXBuildFile; fileRef = BD9479FA1C6CE43C003F3767 /* JSON.swift */; };
		BD9479FD1C6CE452003F3767 /* Loading.storyboard in Resources */ = {isa = PBXBuildFile; fileRef = BD9479FC1C6CE452003F3767 /* Loading.storyboard */; };
		BD9EF24A1C68F48E00E520CB /* LoginViewController.swift in Sources */ = {isa = PBXBuildFile; fileRef = BD9EF2491C68F48E00E520CB /* LoginViewController.swift */; };
		BD9EF24C1C69066100E520CB /* DemoContentViewController.swift in Sources */ = {isa = PBXBuildFile; fileRef = BD9EF24B1C69066100E520CB /* DemoContentViewController.swift */; };
		BD9EF2511C691C7100E520CB /* Localizable.strings in Resources */ = {isa = PBXBuildFile; fileRef = BD9EF2531C691C7100E520CB /* Localizable.strings */; };
		BD9EF2571C692A6900E520CB /* DemoView.swift in Sources */ = {isa = PBXBuildFile; fileRef = BD9EF2561C692A6900E520CB /* DemoView.swift */; };
		BD9EF2591C693A6400E520CB /* Color.swift in Sources */ = {isa = PBXBuildFile; fileRef = BD9EF2581C693A6400E520CB /* Color.swift */; };
		BD9EF2661C6A278800E520CB /* Login.storyboard in Resources */ = {isa = PBXBuildFile; fileRef = BD9EF2651C6A278800E520CB /* Login.storyboard */; };
		BD9EF2A81C6A310200E520CB /* ForgotPasswordViewController.swift in Sources */ = {isa = PBXBuildFile; fileRef = BD9EF2A71C6A310200E520CB /* ForgotPasswordViewController.swift */; };
		BD9EF2AC1C6A496800E520CB /* IntencityTextField.swift in Sources */ = {isa = PBXBuildFile; fileRef = BD9EF2AB1C6A496800E520CB /* IntencityTextField.swift */; };
		BD9EF2AE1C6A49C500E520CB /* Dimention.swift in Sources */ = {isa = PBXBuildFile; fileRef = BD9EF2AD1C6A49C500E520CB /* Dimention.swift */; };
		BD9EF2B01C6A52FA00E520CB /* IntencityButton.swift in Sources */ = {isa = PBXBuildFile; fileRef = BD9EF2AF1C6A52FA00E520CB /* IntencityButton.swift */; };
		BD9EF2B21C6A56CE00E520CB /* IntencityButtonNoBackground.swift in Sources */ = {isa = PBXBuildFile; fileRef = BD9EF2B11C6A56CE00E520CB /* IntencityButtonNoBackground.swift */; };
		BD9EF2B41C6A894E00E520CB /* CreateAccountViewController.swift in Sources */ = {isa = PBXBuildFile; fileRef = BD9EF2B31C6A894E00E520CB /* CreateAccountViewController.swift */; };
		BD9EF2B61C6A8AF500E520CB /* TermsOfUseViewController.swift in Sources */ = {isa = PBXBuildFile; fileRef = BD9EF2B51C6A8AF500E520CB /* TermsOfUseViewController.swift */; };
		BD9EF2B81C6A941F00E520CB /* terms.html in Resources */ = {isa = PBXBuildFile; fileRef = BD9EF2B71C6A941F00E520CB /* terms.html */; };
		BD9EF2BC1C6B701D00E520CB /* ServiceTask.swift in Sources */ = {isa = PBXBuildFile; fileRef = BD9EF2BB1C6B701D00E520CB /* ServiceTask.swift */; };
		BD9EF2BF1C6B829500E520CB /* ServiceDelegate.swift in Sources */ = {isa = PBXBuildFile; fileRef = BD9EF2BE1C6B829500E520CB /* ServiceDelegate.swift */; };
		BD9EF2C21C6B869E00E520CB /* Constant.swift in Sources */ = {isa = PBXBuildFile; fileRef = BD9EF2C11C6B869E00E520CB /* Constant.swift */; };
		BD9EF2C41C6B8A6700E520CB /* Util.swift in Sources */ = {isa = PBXBuildFile; fileRef = BD9EF2C31C6B8A6700E520CB /* Util.swift */; };
		BD9EF2C61C6BEFB800E520CB /* IntencityTabBarController.swift in Sources */ = {isa = PBXBuildFile; fileRef = BD9EF2C51C6BEFB800E520CB /* IntencityTabBarController.swift */; };
		BD9EF2C81C6BF4CC00E520CB /* MenuViewController.swift in Sources */ = {isa = PBXBuildFile; fileRef = BD9EF2C71C6BF4CC00E520CB /* MenuViewController.swift */; };
		BD9EF2CA1C6BF4D600E520CB /* RankingViewController.swift in Sources */ = {isa = PBXBuildFile; fileRef = BD9EF2C91C6BF4D600E520CB /* RankingViewController.swift */; };
		BDFE97141C68E62C00C2AEA3 /* Main.storyboard in Resources */ = {isa = PBXBuildFile; fileRef = BDFE97131C68E62C00C2AEA3 /* Main.storyboard */; };
		BDFE97161C68E6FC00C2AEA3 /* FitnessLogViewController.swift in Sources */ = {isa = PBXBuildFile; fileRef = BDFE97151C68E6FC00C2AEA3 /* FitnessLogViewController.swift */; };
/* End PBXBuildFile section */

/* Begin PBXFileReference section */
		BD10537F1C6CC2B3004C10C7 /* Encryption.swift */ = {isa = PBXFileReference; fileEncoding = 4; lastKnownFileType = sourcecode.swift; path = Encryption.swift; sourceTree = "<group>"; };
		BD10539A1C6CD071004C10C7 /* Key.swift */ = {isa = PBXFileReference; fileEncoding = 4; lastKnownFileType = sourcecode.swift; path = Key.swift; sourceTree = "<group>"; };
		BD5460EA1C68D34400F60ADC /* Intencity.app */ = {isa = PBXFileReference; explicitFileType = wrapper.application; includeInIndex = 0; path = Intencity.app; sourceTree = BUILT_PRODUCTS_DIR; };
		BD5460ED1C68D34400F60ADC /* AppDelegate.swift */ = {isa = PBXFileReference; lastKnownFileType = sourcecode.swift; path = AppDelegate.swift; sourceTree = "<group>"; };
		BD5460EF1C68D34400F60ADC /* DemoViewController.swift */ = {isa = PBXFileReference; lastKnownFileType = sourcecode.swift; path = DemoViewController.swift; sourceTree = "<group>"; };
		BD5460F21C68D34400F60ADC /* Base */ = {isa = PBXFileReference; lastKnownFileType = file.storyboard; name = Base; path = Base.lproj/Demo.storyboard; sourceTree = "<group>"; };
		BD5460F41C68D34400F60ADC /* Assets.xcassets */ = {isa = PBXFileReference; lastKnownFileType = folder.assetcatalog; path = Assets.xcassets; sourceTree = "<group>"; };
		BD5460F91C68D34400F60ADC /* Info.plist */ = {isa = PBXFileReference; lastKnownFileType = text.plist.xml; path = Info.plist; sourceTree = "<group>"; };
		BD5460FF1C68D53200F60ADC /* PageViewController.swift */ = {isa = PBXFileReference; fileEncoding = 4; lastKnownFileType = sourcecode.swift; path = PageViewController.swift; sourceTree = "<group>"; };
		BD9479F81C6CE39D003F3767 /* CryptoSwift.framework */ = {isa = PBXFileReference; lastKnownFileType = wrapper.framework; name = CryptoSwift.framework; path = "../../Downloads/CryptoSwift-master/Frameworks/iOS/CryptoSwift.framework"; sourceTree = "<group>"; };
		BD9479FA1C6CE43C003F3767 /* JSON.swift */ = {isa = PBXFileReference; fileEncoding = 4; lastKnownFileType = sourcecode.swift; path = JSON.swift; sourceTree = "<group>"; };
		BD9479FC1C6CE452003F3767 /* Loading.storyboard */ = {isa = PBXFileReference; fileEncoding = 4; lastKnownFileType = file.storyboard; path = Loading.storyboard; sourceTree = "<group>"; };
		BD947A001C6CE598003F3767 /* en */ = {isa = PBXFileReference; lastKnownFileType = text.plist.strings; name = en; path = en.lproj/Localizable.strings; sourceTree = "<group>"; };
		BD9EF2491C68F48E00E520CB /* LoginViewController.swift */ = {isa = PBXFileReference; fileEncoding = 4; lastKnownFileType = sourcecode.swift; path = LoginViewController.swift; sourceTree = "<group>"; };
		BD9EF24B1C69066100E520CB /* DemoContentViewController.swift */ = {isa = PBXFileReference; fileEncoding = 4; lastKnownFileType = sourcecode.swift; path = DemoContentViewController.swift; sourceTree = "<group>"; };
		BD9EF2561C692A6900E520CB /* DemoView.swift */ = {isa = PBXFileReference; fileEncoding = 4; lastKnownFileType = sourcecode.swift; path = DemoView.swift; sourceTree = "<group>"; };
		BD9EF2581C693A6400E520CB /* Color.swift */ = {isa = PBXFileReference; fileEncoding = 4; lastKnownFileType = sourcecode.swift; path = Color.swift; sourceTree = "<group>"; };
		BD9EF2651C6A278800E520CB /* Login.storyboard */ = {isa = PBXFileReference; fileEncoding = 4; lastKnownFileType = file.storyboard; path = Login.storyboard; sourceTree = "<group>"; };
		BD9EF2A71C6A310200E520CB /* ForgotPasswordViewController.swift */ = {isa = PBXFileReference; fileEncoding = 4; lastKnownFileType = sourcecode.swift; path = ForgotPasswordViewController.swift; sourceTree = "<group>"; };
		BD9EF2AB1C6A496800E520CB /* IntencityTextField.swift */ = {isa = PBXFileReference; fileEncoding = 4; lastKnownFileType = sourcecode.swift; path = IntencityTextField.swift; sourceTree = "<group>"; };
		BD9EF2AD1C6A49C500E520CB /* Dimention.swift */ = {isa = PBXFileReference; fileEncoding = 4; lastKnownFileType = sourcecode.swift; path = Dimention.swift; sourceTree = "<group>"; };
		BD9EF2AF1C6A52FA00E520CB /* IntencityButton.swift */ = {isa = PBXFileReference; fileEncoding = 4; lastKnownFileType = sourcecode.swift; path = IntencityButton.swift; sourceTree = "<group>"; };
		BD9EF2B11C6A56CE00E520CB /* IntencityButtonNoBackground.swift */ = {isa = PBXFileReference; fileEncoding = 4; lastKnownFileType = sourcecode.swift; path = IntencityButtonNoBackground.swift; sourceTree = "<group>"; };
		BD9EF2B31C6A894E00E520CB /* CreateAccountViewController.swift */ = {isa = PBXFileReference; fileEncoding = 4; lastKnownFileType = sourcecode.swift; path = CreateAccountViewController.swift; sourceTree = "<group>"; };
		BD9EF2B51C6A8AF500E520CB /* TermsOfUseViewController.swift */ = {isa = PBXFileReference; fileEncoding = 4; lastKnownFileType = sourcecode.swift; path = TermsOfUseViewController.swift; sourceTree = "<group>"; };
		BD9EF2B71C6A941F00E520CB /* terms.html */ = {isa = PBXFileReference; fileEncoding = 4; lastKnownFileType = text.html; path = terms.html; sourceTree = "<group>"; };
		BD9EF2BB1C6B701D00E520CB /* ServiceTask.swift */ = {isa = PBXFileReference; fileEncoding = 4; lastKnownFileType = sourcecode.swift; path = ServiceTask.swift; sourceTree = "<group>"; };
		BD9EF2BE1C6B829500E520CB /* ServiceDelegate.swift */ = {isa = PBXFileReference; fileEncoding = 4; lastKnownFileType = sourcecode.swift; path = ServiceDelegate.swift; sourceTree = "<group>"; };
		BD9EF2C11C6B869E00E520CB /* Constant.swift */ = {isa = PBXFileReference; fileEncoding = 4; lastKnownFileType = sourcecode.swift; path = Constant.swift; sourceTree = "<group>"; };
		BD9EF2C31C6B8A6700E520CB /* Util.swift */ = {isa = PBXFileReference; fileEncoding = 4; lastKnownFileType = sourcecode.swift; path = Util.swift; sourceTree = "<group>"; };
		BD9EF2C51C6BEFB800E520CB /* IntencityTabBarController.swift */ = {isa = PBXFileReference; fileEncoding = 4; lastKnownFileType = sourcecode.swift; path = IntencityTabBarController.swift; sourceTree = "<group>"; };
		BD9EF2C71C6BF4CC00E520CB /* MenuViewController.swift */ = {isa = PBXFileReference; fileEncoding = 4; lastKnownFileType = sourcecode.swift; path = MenuViewController.swift; sourceTree = "<group>"; };
		BD9EF2C91C6BF4D600E520CB /* RankingViewController.swift */ = {isa = PBXFileReference; fileEncoding = 4; lastKnownFileType = sourcecode.swift; path = RankingViewController.swift; sourceTree = "<group>"; };
		BDFE97131C68E62C00C2AEA3 /* Main.storyboard */ = {isa = PBXFileReference; fileEncoding = 4; lastKnownFileType = file.storyboard; path = Main.storyboard; sourceTree = "<group>"; };
		BDFE97151C68E6FC00C2AEA3 /* FitnessLogViewController.swift */ = {isa = PBXFileReference; fileEncoding = 4; lastKnownFileType = sourcecode.swift; path = FitnessLogViewController.swift; sourceTree = "<group>"; };
/* End PBXFileReference section */

/* Begin PBXFrameworksBuildPhase section */
		BD5460E71C68D34400F60ADC /* Frameworks */ = {
			isa = PBXFrameworksBuildPhase;
			buildActionMask = 2147483647;
			files = (
				BD9479F91C6CE39D003F3767 /* CryptoSwift.framework in Frameworks */,
			);
			runOnlyForDeploymentPostprocessing = 0;
		};
/* End PBXFrameworksBuildPhase section */

/* Begin PBXGroup section */
		BD1053961C6CC729004C10C7 /* Util */ = {
			isa = PBXGroup;
			children = (
				BD1053971C6CC989004C10C7 /* Extenstions */,
				BD9EF2C31C6B8A6700E520CB /* Util.swift */,
			);
			name = Util;
			sourceTree = "<group>";
		};
		BD1053971C6CC989004C10C7 /* Extenstions */ = {
			isa = PBXGroup;
			children = (
				BD10537F1C6CC2B3004C10C7 /* Encryption.swift */,
				BD9479FA1C6CE43C003F3767 /* JSON.swift */,
			);
			name = Extenstions;
			sourceTree = "<group>";
		};
		BD5460E11C68D34400F60ADC = {
			isa = PBXGroup;
			children = (
				BD9479F81C6CE39D003F3767 /* CryptoSwift.framework */,
				BD5460EC1C68D34400F60ADC /* intencity */,
				BD9EF2551C691C8900E520CB /* Resources */,
				BD5460EB1C68D34400F60ADC /* Products */,
			);
			sourceTree = "<group>";
		};
		BD5460EB1C68D34400F60ADC /* Products */ = {
			isa = PBXGroup;
			children = (
				BD5460EA1C68D34400F60ADC /* Intencity.app */,
			);
			name = Products;
			sourceTree = "<group>";
		};
		BD5460EC1C68D34400F60ADC /* intencity */ = {
			isa = PBXGroup;
			children = (
				BD5460ED1C68D34400F60ADC /* AppDelegate.swift */,
				BD9EF2AA1C6A495000E520CB /* UIElements */,
				BD9EF2611C6A210300E520CB /* Structs */,
				BD9EF2621C6A212C00E520CB /* Controllers */,
				BD9EF2C01C6B829A00E520CB /* Delegates */,
				BD9EF2BD1C6B722300E520CB /* Tasks */,
				BD9EF2601C6A20E300E520CB /* Views */,
				BD1053961C6CC729004C10C7 /* Util */,
			);
			path = intencity;
			sourceTree = "<group>";
		};
		BD9EF2551C691C8900E520CB /* Resources */ = {
			isa = PBXGroup;
			children = (
				BD5460F41C68D34400F60ADC /* Assets.xcassets */,
				BD5460F91C68D34400F60ADC /* Info.plist */,
				BD9EF2531C691C7100E520CB /* Localizable.strings */,
				BD9EF2B71C6A941F00E520CB /* terms.html */,
			);
			name = Resources;
			path = intencity;
			sourceTree = "<group>";
		};
		BD9EF2601C6A20E300E520CB /* Views */ = {
			isa = PBXGroup;
			children = (
				BD5460F11C68D34400F60ADC /* Demo.storyboard */,
				BD9EF2651C6A278800E520CB /* Login.storyboard */,
				BDFE97131C68E62C00C2AEA3 /* Main.storyboard */,
				BD9479FC1C6CE452003F3767 /* Loading.storyboard */,
			);
			name = Views;
			sourceTree = "<group>";
		};
		BD9EF2611C6A210300E520CB /* Structs */ = {
			isa = PBXGroup;
			children = (
				BD9EF2561C692A6900E520CB /* DemoView.swift */,
				BD9EF2581C693A6400E520CB /* Color.swift */,
				BD9EF2AD1C6A49C500E520CB /* Dimention.swift */,
				BD9EF2C11C6B869E00E520CB /* Constant.swift */,
				BD10539A1C6CD071004C10C7 /* Key.swift */,
			);
			name = Structs;
			sourceTree = "<group>";
		};
		BD9EF2621C6A212C00E520CB /* Controllers */ = {
			isa = PBXGroup;
			children = (
				BD5460FF1C68D53200F60ADC /* PageViewController.swift */,
				BD5460EF1C68D34400F60ADC /* DemoViewController.swift */,
				BD9EF2B31C6A894E00E520CB /* CreateAccountViewController.swift */,
				BD9EF24B1C69066100E520CB /* DemoContentViewController.swift */,
				BD9EF2491C68F48E00E520CB /* LoginViewController.swift */,
				BD9EF2B51C6A8AF500E520CB /* TermsOfUseViewController.swift */,
				BD9EF2C51C6BEFB800E520CB /* IntencityTabBarController.swift */,
				BD9EF2C71C6BF4CC00E520CB /* MenuViewController.swift */,
				BD9EF2C91C6BF4D600E520CB /* RankingViewController.swift */,
				BDFE97151C68E6FC00C2AEA3 /* FitnessLogViewController.swift */,
				BD9EF2A71C6A310200E520CB /* ForgotPasswordViewController.swift */,
			);
			name = Controllers;
			sourceTree = "<group>";
		};
		BD9EF2AA1C6A495000E520CB /* UIElements */ = {
			isa = PBXGroup;
			children = (
				BD9EF2AB1C6A496800E520CB /* IntencityTextField.swift */,
				BD9EF2AF1C6A52FA00E520CB /* IntencityButton.swift */,
				BD9EF2B11C6A56CE00E520CB /* IntencityButtonNoBackground.swift */,
			);
			name = UIElements;
			sourceTree = "<group>";
		};
		BD9EF2BD1C6B722300E520CB /* Tasks */ = {
			isa = PBXGroup;
			children = (
				BD9EF2BB1C6B701D00E520CB /* ServiceTask.swift */,
			);
			name = Tasks;
			sourceTree = "<group>";
		};
		BD9EF2C01C6B829A00E520CB /* Delegates */ = {
			isa = PBXGroup;
			children = (
				BD9EF2BE1C6B829500E520CB /* ServiceDelegate.swift */,
			);
			name = Delegates;
			sourceTree = "<group>";
		};
/* End PBXGroup section */

/* Begin PBXNativeTarget section */
		BD5460E91C68D34400F60ADC /* intencity */ = {
			isa = PBXNativeTarget;
			buildConfigurationList = BD5460FC1C68D34400F60ADC /* Build configuration list for PBXNativeTarget "intencity" */;
			buildPhases = (
				BD5460E61C68D34400F60ADC /* Sources */,
				BD5460E71C68D34400F60ADC /* Frameworks */,
				BD5460E81C68D34400F60ADC /* Resources */,
			);
			buildRules = (
			);
			dependencies = (
			);
			name = intencity;
			productName = intencity;
			productReference = BD5460EA1C68D34400F60ADC /* Intencity.app */;
			productType = "com.apple.product-type.application";
		};
/* End PBXNativeTarget section */

/* Begin PBXProject section */
		BD5460E21C68D34400F60ADC /* Project object */ = {
			isa = PBXProject;
			attributes = {
				LastSwiftUpdateCheck = 0720;
				LastUpgradeCheck = 0720;
				ORGANIZATIONNAME = "Nick Piscopio";
				TargetAttributes = {
					BD5460E91C68D34400F60ADC = {
						CreatedOnToolsVersion = 7.2.1;
					};
				};
			};
			buildConfigurationList = BD5460E51C68D34400F60ADC /* Build configuration list for PBXProject "Intencity" */;
			compatibilityVersion = "Xcode 3.2";
			developmentRegion = English;
			hasScannedForEncodings = 0;
			knownRegions = (
				en,
				Base,
			);
			mainGroup = BD5460E11C68D34400F60ADC;
			productRefGroup = BD5460EB1C68D34400F60ADC /* Products */;
			projectDirPath = "";
			projectRoot = "";
			targets = (
				BD5460E91C68D34400F60ADC /* intencity */,
			);
		};
/* End PBXProject section */

/* Begin PBXResourcesBuildPhase section */
		BD5460E81C68D34400F60ADC /* Resources */ = {
			isa = PBXResourcesBuildPhase;
			buildActionMask = 2147483647;
			files = (
				BD5460F51C68D34400F60ADC /* Assets.xcassets in Resources */,
				BD5460F31C68D34400F60ADC /* Demo.storyboard in Resources */,
				BD9EF2661C6A278800E520CB /* Login.storyboard in Resources */,
				BD9479FD1C6CE452003F3767 /* Loading.storyboard in Resources */,
				BD9EF2B81C6A941F00E520CB /* terms.html in Resources */,
				BD9EF2511C691C7100E520CB /* Localizable.strings in Resources */,
				BDFE97141C68E62C00C2AEA3 /* Main.storyboard in Resources */,
			);
			runOnlyForDeploymentPostprocessing = 0;
		};
/* End PBXResourcesBuildPhase section */

/* Begin PBXSourcesBuildPhase section */
		BD5460E61C68D34400F60ADC /* Sources */ = {
			isa = PBXSourcesBuildPhase;
			buildActionMask = 2147483647;
			files = (
				BD1053801C6CC2B3004C10C7 /* Encryption.swift in Sources */,
				BD9EF2BC1C6B701D00E520CB /* ServiceTask.swift in Sources */,
				BD9EF2B61C6A8AF500E520CB /* TermsOfUseViewController.swift in Sources */,
				BD9EF2BF1C6B829500E520CB /* ServiceDelegate.swift in Sources */,
				BD9EF2B41C6A894E00E520CB /* CreateAccountViewController.swift in Sources */,
				BD9EF2C61C6BEFB800E520CB /* IntencityTabBarController.swift in Sources */,
				BD9479FB1C6CE43C003F3767 /* JSON.swift in Sources */,
				BD5460F01C68D34400F60ADC /* DemoViewController.swift in Sources */,
				BD5461001C68D53200F60ADC /* PageViewController.swift in Sources */,
				BD5460EE1C68D34400F60ADC /* AppDelegate.swift in Sources */,
				BD9EF2AC1C6A496800E520CB /* IntencityTextField.swift in Sources */,
				BD9EF2591C693A6400E520CB /* Color.swift in Sources */,
				BD9EF2C81C6BF4CC00E520CB /* MenuViewController.swift in Sources */,
				BD9EF24C1C69066100E520CB /* DemoContentViewController.swift in Sources */,
				BD9EF2A81C6A310200E520CB /* ForgotPasswordViewController.swift in Sources */,
				BD9EF2C21C6B869E00E520CB /* Constant.swift in Sources */,
				BD9EF2C41C6B8A6700E520CB /* Util.swift in Sources */,
				BD9EF2B01C6A52FA00E520CB /* IntencityButton.swift in Sources */,
				BD9EF2B21C6A56CE00E520CB /* IntencityButtonNoBackground.swift in Sources */,
				BD9EF24A1C68F48E00E520CB /* LoginViewController.swift in Sources */,
				BDFE97161C68E6FC00C2AEA3 /* FitnessLogViewController.swift in Sources */,
				BD9EF2AE1C6A49C500E520CB /* Dimention.swift in Sources */,
				BD9EF2571C692A6900E520CB /* DemoView.swift in Sources */,
				BD10539B1C6CD071004C10C7 /* Key.swift in Sources */,
				BD9EF2CA1C6BF4D600E520CB /* RankingViewController.swift in Sources */,
			);
			runOnlyForDeploymentPostprocessing = 0;
		};
/* End PBXSourcesBuildPhase section */

/* Begin PBXVariantGroup section */
		BD5460F11C68D34400F60ADC /* Demo.storyboard */ = {
			isa = PBXVariantGroup;
			children = (
				BD5460F21C68D34400F60ADC /* Base */,
			);
			name = Demo.storyboard;
			sourceTree = "<group>";
		};
		BD9EF2531C691C7100E520CB /* Localizable.strings */ = {
			isa = PBXVariantGroup;
			children = (
				BD947A001C6CE598003F3767 /* en */,
			);
			name = Localizable.strings;
			path = ..;
			sourceTree = "<group>";
		};
/* End PBXVariantGroup section */

/* Begin XCBuildConfiguration section */
		BD5460FA1C68D34400F60ADC /* Debug */ = {
			isa = XCBuildConfiguration;
			buildSettings = {
				ALWAYS_SEARCH_USER_PATHS = NO;
				CLANG_CXX_LANGUAGE_STANDARD = "gnu++0x";
				CLANG_CXX_LIBRARY = "libc++";
				CLANG_ENABLE_MODULES = YES;
				CLANG_ENABLE_OBJC_ARC = YES;
				CLANG_WARN_BOOL_CONVERSION = YES;
				CLANG_WARN_CONSTANT_CONVERSION = YES;
				CLANG_WARN_DIRECT_OBJC_ISA_USAGE = YES_ERROR;
				CLANG_WARN_EMPTY_BODY = YES;
				CLANG_WARN_ENUM_CONVERSION = YES;
				CLANG_WARN_INT_CONVERSION = YES;
				CLANG_WARN_OBJC_ROOT_CLASS = YES_ERROR;
				CLANG_WARN_UNREACHABLE_CODE = YES;
				CLANG_WARN__DUPLICATE_METHOD_MATCH = YES;
				"CODE_SIGN_IDENTITY[sdk=iphoneos*]" = "iPhone Developer";
				COPY_PHASE_STRIP = NO;
				DEBUG_INFORMATION_FORMAT = dwarf;
				ENABLE_STRICT_OBJC_MSGSEND = YES;
				ENABLE_TESTABILITY = YES;
				GCC_C_LANGUAGE_STANDARD = gnu99;
				GCC_DYNAMIC_NO_PIC = NO;
				GCC_NO_COMMON_BLOCKS = YES;
				GCC_OPTIMIZATION_LEVEL = 0;
				GCC_PREPROCESSOR_DEFINITIONS = (
					"DEBUG=1",
					"$(inherited)",
				);
				GCC_WARN_64_TO_32_BIT_CONVERSION = YES;
				GCC_WARN_ABOUT_RETURN_TYPE = YES_ERROR;
				GCC_WARN_UNDECLARED_SELECTOR = YES;
				GCC_WARN_UNINITIALIZED_AUTOS = YES_AGGRESSIVE;
				GCC_WARN_UNUSED_FUNCTION = YES;
				GCC_WARN_UNUSED_VARIABLE = YES;
				IPHONEOS_DEPLOYMENT_TARGET = 9.2;
				MTL_ENABLE_DEBUG_INFO = YES;
				ONLY_ACTIVE_ARCH = YES;
				SDKROOT = iphoneos;
				SWIFT_OPTIMIZATION_LEVEL = "-Onone";
				TARGETED_DEVICE_FAMILY = "1,2";
			};
			name = Debug;
		};
		BD5460FB1C68D34400F60ADC /* Release */ = {
			isa = XCBuildConfiguration;
			buildSettings = {
				ALWAYS_SEARCH_USER_PATHS = NO;
				CLANG_CXX_LANGUAGE_STANDARD = "gnu++0x";
				CLANG_CXX_LIBRARY = "libc++";
				CLANG_ENABLE_MODULES = YES;
				CLANG_ENABLE_OBJC_ARC = YES;
				CLANG_WARN_BOOL_CONVERSION = YES;
				CLANG_WARN_CONSTANT_CONVERSION = YES;
				CLANG_WARN_DIRECT_OBJC_ISA_USAGE = YES_ERROR;
				CLANG_WARN_EMPTY_BODY = YES;
				CLANG_WARN_ENUM_CONVERSION = YES;
				CLANG_WARN_INT_CONVERSION = YES;
				CLANG_WARN_OBJC_ROOT_CLASS = YES_ERROR;
				CLANG_WARN_UNREACHABLE_CODE = YES;
				CLANG_WARN__DUPLICATE_METHOD_MATCH = YES;
				"CODE_SIGN_IDENTITY[sdk=iphoneos*]" = "iPhone Developer";
				COPY_PHASE_STRIP = NO;
				DEBUG_INFORMATION_FORMAT = "dwarf-with-dsym";
				ENABLE_NS_ASSERTIONS = NO;
				ENABLE_STRICT_OBJC_MSGSEND = YES;
				GCC_C_LANGUAGE_STANDARD = gnu99;
				GCC_NO_COMMON_BLOCKS = YES;
				GCC_WARN_64_TO_32_BIT_CONVERSION = YES;
				GCC_WARN_ABOUT_RETURN_TYPE = YES_ERROR;
				GCC_WARN_UNDECLARED_SELECTOR = YES;
				GCC_WARN_UNINITIALIZED_AUTOS = YES_AGGRESSIVE;
				GCC_WARN_UNUSED_FUNCTION = YES;
				GCC_WARN_UNUSED_VARIABLE = YES;
				IPHONEOS_DEPLOYMENT_TARGET = 9.2;
				MTL_ENABLE_DEBUG_INFO = NO;
				SDKROOT = iphoneos;
				TARGETED_DEVICE_FAMILY = "1,2";
				VALIDATE_PRODUCT = YES;
			};
			name = Release;
		};
		BD5460FD1C68D34400F60ADC /* Debug */ = {
			isa = XCBuildConfiguration;
			buildSettings = {
				ASSETCATALOG_COMPILER_APPICON_NAME = AppIcon;
				INFOPLIST_FILE = intencity/Info.plist;
				LD_RUNPATH_SEARCH_PATHS = "$(inherited) @executable_path/Frameworks";
				PRODUCT_BUNDLE_IDENTIFIER = com.intencity.intencity;
				PRODUCT_NAME = Intencity;
			};
			name = Debug;
		};
		BD5460FE1C68D34400F60ADC /* Release */ = {
			isa = XCBuildConfiguration;
			buildSettings = {
				ASSETCATALOG_COMPILER_APPICON_NAME = AppIcon;
				INFOPLIST_FILE = intencity/Info.plist;
				LD_RUNPATH_SEARCH_PATHS = "$(inherited) @executable_path/Frameworks";
				PRODUCT_BUNDLE_IDENTIFIER = com.intencity.intencity;
				PRODUCT_NAME = Intencity;
			};
			name = Release;
		};
/* End XCBuildConfiguration section */

/* Begin XCConfigurationList section */
		BD5460E51C68D34400F60ADC /* Build configuration list for PBXProject "Intencity" */ = {
			isa = XCConfigurationList;
			buildConfigurations = (
				BD5460FA1C68D34400F60ADC /* Debug */,
				BD5460FB1C68D34400F60ADC /* Release */,
			);
			defaultConfigurationIsVisible = 0;
			defaultConfigurationName = Release;
		};
		BD5460FC1C68D34400F60ADC /* Build configuration list for PBXNativeTarget "intencity" */ = {
			isa = XCConfigurationList;
			buildConfigurations = (
				BD5460FD1C68D34400F60ADC /* Debug */,
				BD5460FE1C68D34400F60ADC /* Release */,
			);
			defaultConfigurationIsVisible = 0;
			defaultConfigurationName = Release;
		};
/* End XCConfigurationList section */
	};
	rootObject = BD5460E21C68D34400F60ADC /* Project object */;
}
